PODS:
  - AFNetworking (1.3.4)
  - EDStarRating (1.1)
  - FastImageCache (1.5.1)
  - FontAwesome-iOS (0.0.4)
  - ISO8601DateFormatterValueTransformer (0.6.1):
    - RKValueTransformers (~> 1.1.0)
  - Realm (0.98.1):
    - Realm/Headers (= 0.98.1)
  - Realm/Headers (0.98.1)
  - RestKit (0.26.0):
    - RestKit/Core (= 0.26.0)
  - RestKit/Core (0.26.0):
    - RestKit/CoreData
    - RestKit/Network
    - RestKit/ObjectMapping
  - RestKit/CoreData (0.26.0):
    - RestKit/ObjectMapping
  - RestKit/Network (0.26.0):
    - AFNetworking (~> 1.3.0)
    - RestKit/ObjectMapping
    - RestKit/Support
    - SOCKit
  - RestKit/ObjectMapping (0.26.0):
    - ISO8601DateFormatterValueTransformer (~> 0.6.1)
    - RestKit/Support
    - RKValueTransformers (~> 1.1.0)
  - RestKit/Support (0.26.0):
    - TransitionKit (~> 2.2)
  - RKValueTransformers (1.1.2)
  - SDWebImage (3.7.0):
    - SDWebImage/Core (= 3.7.0)
  - SDWebImage/Core (3.7.0)
  - SOCKit (1.1)
  - TransitionKit (2.2.1)
  - youtube-ios-player-helper (0.1.5)

DEPENDENCIES:
  - EDStarRating
  - FastImageCache (= 1.5.1)
  - FontAwesome-iOS
  - Realm
  - RestKit (~> 0.22)
  - SDWebImage (~> 3.7)
  - youtube-ios-player-helper (from `https://github.com/youtube/youtube-ios-player-helper`,
    commit `head`)

EXTERNAL SOURCES:
  youtube-ios-player-helper:
    :commit: head
    :git: https://github.com/youtube/youtube-ios-player-helper

CHECKOUT OPTIONS:
  youtube-ios-player-helper:
    :commit: head
    :git: https://github.com/youtube/youtube-ios-player-helper

SPEC CHECKSUMS:
  AFNetworking: cf8e418e16f0c9c7e5c3150d019a3c679d015018
  EDStarRating: a41a6440a945020745d0e9ff8ada7d1afa952114
  FastImageCache: 2e7a6f677b15336eb3d1a4092a494676256c891d
  FontAwesome-iOS: 0fd503f7ae46780e17c2dd98e70fed30b5f90322
  ISO8601DateFormatterValueTransformer: 52da467d6ec899d6aedda8e48280ac92e8ee97e6
  Realm: ca4a4122e939e228e10694fc49011386cb2ecb07
  RestKit: 112fba5bd1f97598aac0db7981863d5fdc0263a2
  RKValueTransformers: 66ac5e4f077fdbe3496e792d89eeff4c3eb67701
  SDWebImage: b42db92951f9d565c55f1d7f1d5efe47e33a7515
  SOCKit: c7376ac262bea9115b8f749358f762522a47d392
  TransitionKit: 9ceccda4cd0cdc0a05ef85eb235e5a3292c3c250
  youtube-ios-player-helper: 921da8927a575debc293a94c678c658f38cde150

COCOAPODS: 0.39.0
