<?xml version="1.0" encoding="UTF-8"?>
<!DOCTYPE plist PUBLIC "-//Apple//DTD PLIST 1.0//EN" "http://www.apple.com/DTDs/PropertyList-1.0.dtd">
<plist version="1.0">
<dict>
	<key>archiveVersion</key>
	<string>1</string>
	<key>classes</key>
	<dict/>
	<key>objectVersion</key>
	<string>46</string>
	<key>objects</key>
	<dict>
		<key>1B1F24148A95CCAE8C470696</key>
		<dict>
			<key>children</key>
			<array>
				<string>A3F45D917B677418DE3994AE</string>
				<string>BE31C9C8EE8F0F7ED4F5DE42</string>
			</array>
			<key>isa</key>
			<string>PBXGroup</string>
			<key>name</key>
			<string>Pods</string>
			<key>sourceTree</key>
			<string>&lt;group&gt;</string>
		</dict>
		<key>33E20C0D08E2D56B1BE39798</key>
		<dict>
			<key>explicitFileType</key>
			<string>archive.ar</string>
			<key>includeInIndex</key>
			<string>0</string>
			<key>isa</key>
			<string>PBXFileReference</string>
			<key>path</key>
			<string>libPods.a</string>
			<key>sourceTree</key>
			<string>BUILT_PRODUCTS_DIR</string>
		</dict>
		<key>8CB42AF5B309EC9B0848E241</key>
		<dict>
			<key>buildActionMask</key>
			<string>2147483647</string>
			<key>files</key>
			<array/>
			<key>inputPaths</key>
			<array/>
			<key>isa</key>
			<string>PBXShellScriptBuildPhase</string>
			<key>name</key>
			<string>Copy Pods Resources</string>
			<key>outputPaths</key>
			<array/>
			<key>runOnlyForDeploymentPostprocessing</key>
			<string>0</string>
			<key>shellPath</key>
			<string>/bin/sh</string>
			<key>shellScript</key>
			<string>"${SRCROOT}/Pods/Target Support Files/Pods/Pods-resources.sh"
</string>
			<key>showEnvVarsInLog</key>
			<string>0</string>
		</dict>
		<key>9E58288AE62D0CEFE0A7C932</key>
		<dict>
			<key>buildActionMask</key>
			<string>2147483647</string>
			<key>files</key>
			<array/>
			<key>inputPaths</key>
			<array/>
			<key>isa</key>
			<string>PBXShellScriptBuildPhase</string>
			<key>name</key>
			<string>Embed Pods Frameworks</string>
			<key>outputPaths</key>
			<array/>
			<key>runOnlyForDeploymentPostprocessing</key>
			<string>0</string>
			<key>shellPath</key>
			<string>/bin/sh</string>
			<key>shellScript</key>
			<string>"${SRCROOT}/Pods/Target Support Files/Pods-movieApp/Pods-movieApp-frameworks.sh"
</string>
			<key>showEnvVarsInLog</key>
			<string>0</string>
		</dict>
		<key>A00BFE921C7DC78600DD2227</key>
		<dict>
			<key>isa</key>
			<string>PBXFileReference</string>
			<key>lastKnownFileType</key>
			<string>sourcecode.c.h</string>
			<key>path</key>
			<string>movieApp-Bridging-Header.h</string>
			<key>sourceTree</key>
			<string>&lt;group&gt;</string>
		</dict>
		<key>A00BFE931C7DC78600DD2227</key>
		<dict>
			<key>fileEncoding</key>
			<string>4</string>
			<key>isa</key>
			<string>PBXFileReference</string>
			<key>lastKnownFileType</key>
			<string>sourcecode.swift</string>
			<key>path</key>
			<string>AccountController.swift</string>
			<key>sourceTree</key>
			<string>&lt;group&gt;</string>
		</dict>
		<key>A00BFE941C7DC78600DD2227</key>
		<dict>
			<key>fileRef</key>
			<string>A00BFE931C7DC78600DD2227</string>
			<key>isa</key>
			<string>PBXBuildFile</string>
		</dict>
		<key>A00BFE971C7DD24500DD2227</key>
		<dict>
			<key>fileEncoding</key>
			<string>4</string>
			<key>isa</key>
			<string>PBXFileReference</string>
			<key>lastKnownFileType</key>
			<string>sourcecode.swift</string>
			<key>path</key>
			<string>Constants.swift</string>
			<key>sourceTree</key>
			<string>&lt;group&gt;</string>
		</dict>
		<key>A00BFE981C7DD24500DD2227</key>
		<dict>
			<key>fileRef</key>
			<string>A00BFE971C7DD24500DD2227</string>
			<key>isa</key>
			<string>PBXBuildFile</string>
		</dict>
		<key>A00BFE9B1C7DF4F500DD2227</key>
		<dict>
			<key>fileEncoding</key>
			<string>4</string>
			<key>isa</key>
			<string>PBXFileReference</string>
			<key>lastKnownFileType</key>
			<string>sourcecode.c.h</string>
			<key>path</key>
			<string>MOVUser.h</string>
			<key>sourceTree</key>
			<string>&lt;group&gt;</string>
		</dict>
		<key>A00BFE9C1C7DF4F500DD2227</key>
		<dict>
			<key>fileEncoding</key>
			<string>4</string>
			<key>isa</key>
			<string>PBXFileReference</string>
			<key>lastKnownFileType</key>
			<string>sourcecode.c.objc</string>
			<key>path</key>
			<string>MOVUser.m</string>
			<key>sourceTree</key>
			<string>&lt;group&gt;</string>
		</dict>
		<key>A00BFE9D1C7DF4F500DD2227</key>
		<dict>
			<key>fileRef</key>
			<string>A00BFE9C1C7DF4F500DD2227</string>
			<key>isa</key>
			<string>PBXBuildFile</string>
		</dict>
		<key>A00BFEA01C7F347E00DD2227</key>
		<dict>
			<key>fileEncoding</key>
			<string>4</string>
			<key>isa</key>
			<string>PBXFileReference</string>
			<key>lastKnownFileType</key>
			<string>sourcecode.swift</string>
			<key>path</key>
			<string>LoginViewController.swift</string>
			<key>sourceTree</key>
			<string>&lt;group&gt;</string>
		</dict>
		<key>A00BFEA11C7F347E00DD2227</key>
		<dict>
			<key>fileRef</key>
			<string>A00BFEA01C7F347E00DD2227</string>
			<key>isa</key>
			<string>PBXBuildFile</string>
		</dict>
		<key>A01B5B9E1C749E4E0017CEEC</key>
		<dict>
			<key>fileEncoding</key>
			<string>4</string>
			<key>isa</key>
			<string>PBXFileReference</string>
			<key>lastKnownFileType</key>
			<string>sourcecode.c.h</string>
			<key>path</key>
			<string>MOVRealmMovie.h</string>
			<key>sourceTree</key>
			<string>&lt;group&gt;</string>
		</dict>
		<key>A01B5B9F1C749E4E0017CEEC</key>
		<dict>
			<key>fileEncoding</key>
			<string>4</string>
			<key>isa</key>
			<string>PBXFileReference</string>
			<key>lastKnownFileType</key>
			<string>sourcecode.c.objc</string>
			<key>path</key>
			<string>MOVRealmMovie.m</string>
			<key>sourceTree</key>
			<string>&lt;group&gt;</string>
		</dict>
		<key>A01B5BA01C749E4E0017CEEC</key>
		<dict>
			<key>fileRef</key>
			<string>A01B5B9F1C749E4E0017CEEC</string>
			<key>isa</key>
			<string>PBXBuildFile</string>
		</dict>
		<key>A01B5BA11C74B1530017CEEC</key>
		<dict>
			<key>fileEncoding</key>
			<string>4</string>
			<key>isa</key>
			<string>PBXFileReference</string>
			<key>lastKnownFileType</key>
			<string>sourcecode.c.h</string>
			<key>path</key>
			<string>FavoritesController.h</string>
			<key>sourceTree</key>
			<string>&lt;group&gt;</string>
		</dict>
		<key>A01B5BA21C74B1530017CEEC</key>
		<dict>
			<key>fileEncoding</key>
			<string>4</string>
			<key>isa</key>
			<string>PBXFileReference</string>
			<key>lastKnownFileType</key>
			<string>sourcecode.c.objc</string>
			<key>path</key>
			<string>FavoritesController.m</string>
			<key>sourceTree</key>
			<string>&lt;group&gt;</string>
		</dict>
		<key>A01B5BA31C74B1530017CEEC</key>
		<dict>
			<key>fileRef</key>
			<string>A01B5BA21C74B1530017CEEC</string>
			<key>isa</key>
			<string>PBXBuildFile</string>
		</dict>
		<key>A01B5BA41C74C46D0017CEEC</key>
		<dict>
			<key>fileEncoding</key>
			<string>4</string>
			<key>isa</key>
			<string>PBXFileReference</string>
			<key>lastKnownFileType</key>
			<string>sourcecode.c.h</string>
			<key>path</key>
			<string>MOVFavoritesTableViewCell.h</string>
			<key>sourceTree</key>
			<string>&lt;group&gt;</string>
		</dict>
		<key>A01B5BA51C74C46D0017CEEC</key>
		<dict>
			<key>fileEncoding</key>
			<string>4</string>
			<key>isa</key>
			<string>PBXFileReference</string>
			<key>lastKnownFileType</key>
			<string>sourcecode.c.objc</string>
			<key>path</key>
			<string>MOVFavoritesTableViewCell.m</string>
			<key>sourceTree</key>
			<string>&lt;group&gt;</string>
		</dict>
		<key>A01B5BA61C74C46D0017CEEC</key>
		<dict>
			<key>fileRef</key>
			<string>A01B5BA51C74C46D0017CEEC</string>
			<key>isa</key>
			<string>PBXBuildFile</string>
		</dict>
		<key>A01B631A1C75EDAB0017CEEC</key>
		<dict>
			<key>children</key>
			<array>
				<string>A01B631B1C75EDAB0017CEEC</string>
				<string>A01B631E1C75EDAB0017CEEC</string>
				<string>A01B63251C75EDAB0017CEEC</string>
				<string>A01B63261C75EDAB0017CEEC</string>
				<string>A01B63341C75EDAB0017CEEC</string>
			</array>
			<key>isa</key>
			<string>PBXGroup</string>
			<key>path</key>
			<string>font-awesome-4.5.0</string>
			<key>sourceTree</key>
			<string>&lt;group&gt;</string>
		</dict>
		<key>A01B631B1C75EDAB0017CEEC</key>
		<dict>
			<key>children</key>
			<array>
				<string>A01B631C1C75EDAB0017CEEC</string>
				<string>A01B631D1C75EDAB0017CEEC</string>
			</array>
			<key>isa</key>
			<string>PBXGroup</string>
			<key>path</key>
			<string>css</string>
			<key>sourceTree</key>
			<string>&lt;group&gt;</string>
		</dict>
		<key>A01B631C1C75EDAB0017CEEC</key>
		<dict>
			<key>fileEncoding</key>
			<string>4</string>
			<key>isa</key>
			<string>PBXFileReference</string>
			<key>lastKnownFileType</key>
			<string>text.css</string>
			<key>path</key>
			<string>font-awesome.css</string>
			<key>sourceTree</key>
			<string>&lt;group&gt;</string>
		</dict>
		<key>A01B631D1C75EDAB0017CEEC</key>
		<dict>
			<key>fileEncoding</key>
			<string>4</string>
			<key>isa</key>
			<string>PBXFileReference</string>
			<key>lastKnownFileType</key>
			<string>text.css</string>
			<key>path</key>
			<string>font-awesome.min.css</string>
			<key>sourceTree</key>
			<string>&lt;group&gt;</string>
		</dict>
		<key>A01B631E1C75EDAB0017CEEC</key>
		<dict>
			<key>children</key>
			<array>
				<string>A01B631F1C75EDAB0017CEEC</string>
				<string>A01B63201C75EDAB0017CEEC</string>
				<string>A01B63211C75EDAB0017CEEC</string>
				<string>A01B63221C75EDAB0017CEEC</string>
				<string>A01B63231C75EDAB0017CEEC</string>
				<string>A01B63241C75EDAB0017CEEC</string>
			</array>
			<key>isa</key>
			<string>PBXGroup</string>
			<key>path</key>
			<string>fonts</string>
			<key>sourceTree</key>
			<string>&lt;group&gt;</string>
		</dict>
		<key>A01B631F1C75EDAB0017CEEC</key>
		<dict>
			<key>isa</key>
			<string>PBXFileReference</string>
			<key>lastKnownFileType</key>
			<string>file</string>
			<key>path</key>
			<string>fontawesome-webfont.eot</string>
			<key>sourceTree</key>
			<string>&lt;group&gt;</string>
		</dict>
		<key>A01B63201C75EDAB0017CEEC</key>
		<dict>
			<key>fileEncoding</key>
			<string>4</string>
			<key>isa</key>
			<string>PBXFileReference</string>
			<key>lastKnownFileType</key>
			<string>text.xml</string>
			<key>path</key>
			<string>fontawesome-webfont.svg</string>
			<key>sourceTree</key>
			<string>&lt;group&gt;</string>
		</dict>
		<key>A01B63211C75EDAB0017CEEC</key>
		<dict>
			<key>isa</key>
			<string>PBXFileReference</string>
			<key>lastKnownFileType</key>
			<string>file</string>
			<key>path</key>
			<string>fontawesome-webfont.ttf</string>
			<key>sourceTree</key>
			<string>&lt;group&gt;</string>
		</dict>
		<key>A01B63221C75EDAB0017CEEC</key>
		<dict>
			<key>isa</key>
			<string>PBXFileReference</string>
			<key>lastKnownFileType</key>
			<string>file</string>
			<key>path</key>
			<string>fontawesome-webfont.woff</string>
			<key>sourceTree</key>
			<string>&lt;group&gt;</string>
		</dict>
		<key>A01B63231C75EDAB0017CEEC</key>
		<dict>
			<key>isa</key>
			<string>PBXFileReference</string>
			<key>lastKnownFileType</key>
			<string>file</string>
			<key>path</key>
			<string>fontawesome-webfont.woff2</string>
			<key>sourceTree</key>
			<string>&lt;group&gt;</string>
		</dict>
		<key>A01B63241C75EDAB0017CEEC</key>
		<dict>
			<key>isa</key>
			<string>PBXFileReference</string>
			<key>lastKnownFileType</key>
			<string>file</string>
			<key>path</key>
			<string>FontAwesome.otf</string>
			<key>sourceTree</key>
			<string>&lt;group&gt;</string>
		</dict>
		<key>A01B63251C75EDAB0017CEEC</key>
		<dict>
			<key>fileEncoding</key>
			<string>4</string>
			<key>isa</key>
			<string>PBXFileReference</string>
			<key>lastKnownFileType</key>
			<string>text</string>
			<key>path</key>
			<string>HELP-US-OUT.txt</string>
			<key>sourceTree</key>
			<string>&lt;group&gt;</string>
		</dict>
		<key>A01B63261C75EDAB0017CEEC</key>
		<dict>
			<key>children</key>
			<array>
				<string>A01B63271C75EDAB0017CEEC</string>
				<string>A01B63281C75EDAB0017CEEC</string>
				<string>A01B63291C75EDAB0017CEEC</string>
				<string>A01B632A1C75EDAB0017CEEC</string>
				<string>A01B632B1C75EDAB0017CEEC</string>
				<string>A01B632C1C75EDAB0017CEEC</string>
				<string>A01B632D1C75EDAB0017CEEC</string>
				<string>A01B632E1C75EDAB0017CEEC</string>
				<string>A01B632F1C75EDAB0017CEEC</string>
				<string>A01B63301C75EDAB0017CEEC</string>
				<string>A01B63311C75EDAB0017CEEC</string>
				<string>A01B63321C75EDAB0017CEEC</string>
				<string>A01B63331C75EDAB0017CEEC</string>
			</array>
			<key>isa</key>
			<string>PBXGroup</string>
			<key>path</key>
			<string>less</string>
			<key>sourceTree</key>
			<string>&lt;group&gt;</string>
		</dict>
		<key>A01B63271C75EDAB0017CEEC</key>
		<dict>
			<key>fileEncoding</key>
			<string>4</string>
			<key>isa</key>
			<string>PBXFileReference</string>
			<key>lastKnownFileType</key>
			<string>text</string>
			<key>path</key>
			<string>animated.less</string>
			<key>sourceTree</key>
			<string>&lt;group&gt;</string>
		</dict>
		<key>A01B63281C75EDAB0017CEEC</key>
		<dict>
			<key>fileEncoding</key>
			<string>4</string>
			<key>isa</key>
			<string>PBXFileReference</string>
			<key>lastKnownFileType</key>
			<string>text</string>
			<key>path</key>
			<string>bordered-pulled.less</string>
			<key>sourceTree</key>
			<string>&lt;group&gt;</string>
		</dict>
		<key>A01B63291C75EDAB0017CEEC</key>
		<dict>
			<key>fileEncoding</key>
			<string>4</string>
			<key>isa</key>
			<string>PBXFileReference</string>
			<key>lastKnownFileType</key>
			<string>text</string>
			<key>path</key>
			<string>core.less</string>
			<key>sourceTree</key>
			<string>&lt;group&gt;</string>
		</dict>
		<key>A01B632A1C75EDAB0017CEEC</key>
		<dict>
			<key>fileEncoding</key>
			<string>4</string>
			<key>isa</key>
			<string>PBXFileReference</string>
			<key>lastKnownFileType</key>
			<string>text</string>
			<key>path</key>
			<string>fixed-width.less</string>
			<key>sourceTree</key>
			<string>&lt;group&gt;</string>
		</dict>
		<key>A01B632B1C75EDAB0017CEEC</key>
		<dict>
			<key>fileEncoding</key>
			<string>4</string>
			<key>isa</key>
			<string>PBXFileReference</string>
			<key>lastKnownFileType</key>
			<string>text</string>
			<key>path</key>
			<string>font-awesome.less</string>
			<key>sourceTree</key>
			<string>&lt;group&gt;</string>
		</dict>
		<key>A01B632C1C75EDAB0017CEEC</key>
		<dict>
			<key>fileEncoding</key>
			<string>4</string>
			<key>isa</key>
			<string>PBXFileReference</string>
			<key>lastKnownFileType</key>
			<string>text</string>
			<key>path</key>
			<string>icons.less</string>
			<key>sourceTree</key>
			<string>&lt;group&gt;</string>
		</dict>
		<key>A01B632D1C75EDAB0017CEEC</key>
		<dict>
			<key>fileEncoding</key>
			<string>4</string>
			<key>isa</key>
			<string>PBXFileReference</string>
			<key>lastKnownFileType</key>
			<string>text</string>
			<key>path</key>
			<string>larger.less</string>
			<key>sourceTree</key>
			<string>&lt;group&gt;</string>
		</dict>
		<key>A01B632E1C75EDAB0017CEEC</key>
		<dict>
			<key>fileEncoding</key>
			<string>4</string>
			<key>isa</key>
			<string>PBXFileReference</string>
			<key>lastKnownFileType</key>
			<string>text</string>
			<key>path</key>
			<string>list.less</string>
			<key>sourceTree</key>
			<string>&lt;group&gt;</string>
		</dict>
		<key>A01B632F1C75EDAB0017CEEC</key>
		<dict>
			<key>fileEncoding</key>
			<string>4</string>
			<key>isa</key>
			<string>PBXFileReference</string>
			<key>lastKnownFileType</key>
			<string>text</string>
			<key>path</key>
			<string>mixins.less</string>
			<key>sourceTree</key>
			<string>&lt;group&gt;</string>
		</dict>
		<key>A01B63301C75EDAB0017CEEC</key>
		<dict>
			<key>fileEncoding</key>
			<string>4</string>
			<key>isa</key>
			<string>PBXFileReference</string>
			<key>lastKnownFileType</key>
			<string>text</string>
			<key>path</key>
			<string>path.less</string>
			<key>sourceTree</key>
			<string>&lt;group&gt;</string>
		</dict>
		<key>A01B63311C75EDAB0017CEEC</key>
		<dict>
			<key>fileEncoding</key>
			<string>4</string>
			<key>isa</key>
			<string>PBXFileReference</string>
			<key>lastKnownFileType</key>
			<string>text</string>
			<key>path</key>
			<string>rotated-flipped.less</string>
			<key>sourceTree</key>
			<string>&lt;group&gt;</string>
		</dict>
		<key>A01B63321C75EDAB0017CEEC</key>
		<dict>
			<key>fileEncoding</key>
			<string>4</string>
			<key>isa</key>
			<string>PBXFileReference</string>
			<key>lastKnownFileType</key>
			<string>text</string>
			<key>path</key>
			<string>stacked.less</string>
			<key>sourceTree</key>
			<string>&lt;group&gt;</string>
		</dict>
		<key>A01B63331C75EDAB0017CEEC</key>
		<dict>
			<key>fileEncoding</key>
			<string>4</string>
			<key>isa</key>
			<string>PBXFileReference</string>
			<key>lastKnownFileType</key>
			<string>text</string>
			<key>path</key>
			<string>variables.less</string>
			<key>sourceTree</key>
			<string>&lt;group&gt;</string>
		</dict>
		<key>A01B63341C75EDAB0017CEEC</key>
		<dict>
			<key>children</key>
			<array>
				<string>A01B63351C75EDAB0017CEEC</string>
				<string>A01B63361C75EDAB0017CEEC</string>
				<string>A01B63371C75EDAB0017CEEC</string>
				<string>A01B63381C75EDAB0017CEEC</string>
				<string>A01B63391C75EDAB0017CEEC</string>
				<string>A01B633A1C75EDAB0017CEEC</string>
				<string>A01B633B1C75EDAB0017CEEC</string>
				<string>A01B633C1C75EDAB0017CEEC</string>
				<string>A01B633D1C75EDAB0017CEEC</string>
				<string>A01B633E1C75EDAB0017CEEC</string>
				<string>A01B633F1C75EDAB0017CEEC</string>
				<string>A01B63401C75EDAB0017CEEC</string>
				<string>A01B63411C75EDAB0017CEEC</string>
			</array>
			<key>isa</key>
			<string>PBXGroup</string>
			<key>path</key>
			<string>scss</string>
			<key>sourceTree</key>
			<string>&lt;group&gt;</string>
		</dict>
		<key>A01B63351C75EDAB0017CEEC</key>
		<dict>
			<key>fileEncoding</key>
			<string>4</string>
			<key>isa</key>
			<string>PBXFileReference</string>
			<key>lastKnownFileType</key>
			<string>text</string>
			<key>path</key>
			<string>_animated.scss</string>
			<key>sourceTree</key>
			<string>&lt;group&gt;</string>
		</dict>
		<key>A01B63361C75EDAB0017CEEC</key>
		<dict>
			<key>fileEncoding</key>
			<string>4</string>
			<key>isa</key>
			<string>PBXFileReference</string>
			<key>lastKnownFileType</key>
			<string>text</string>
			<key>path</key>
			<string>_bordered-pulled.scss</string>
			<key>sourceTree</key>
			<string>&lt;group&gt;</string>
		</dict>
		<key>A01B63371C75EDAB0017CEEC</key>
		<dict>
			<key>fileEncoding</key>
			<string>4</string>
			<key>isa</key>
			<string>PBXFileReference</string>
			<key>lastKnownFileType</key>
			<string>text</string>
			<key>path</key>
			<string>_core.scss</string>
			<key>sourceTree</key>
			<string>&lt;group&gt;</string>
		</dict>
		<key>A01B63381C75EDAB0017CEEC</key>
		<dict>
			<key>fileEncoding</key>
			<string>4</string>
			<key>isa</key>
			<string>PBXFileReference</string>
			<key>lastKnownFileType</key>
			<string>text</string>
			<key>path</key>
			<string>_fixed-width.scss</string>
			<key>sourceTree</key>
			<string>&lt;group&gt;</string>
		</dict>
		<key>A01B63391C75EDAB0017CEEC</key>
		<dict>
			<key>fileEncoding</key>
			<string>4</string>
			<key>isa</key>
			<string>PBXFileReference</string>
			<key>lastKnownFileType</key>
			<string>text</string>
			<key>path</key>
			<string>_icons.scss</string>
			<key>sourceTree</key>
			<string>&lt;group&gt;</string>
		</dict>
		<key>A01B633A1C75EDAB0017CEEC</key>
		<dict>
			<key>fileEncoding</key>
			<string>4</string>
			<key>isa</key>
			<string>PBXFileReference</string>
			<key>lastKnownFileType</key>
			<string>text</string>
			<key>path</key>
			<string>_larger.scss</string>
			<key>sourceTree</key>
			<string>&lt;group&gt;</string>
		</dict>
		<key>A01B633B1C75EDAB0017CEEC</key>
		<dict>
			<key>fileEncoding</key>
			<string>4</string>
			<key>isa</key>
			<string>PBXFileReference</string>
			<key>lastKnownFileType</key>
			<string>text</string>
			<key>path</key>
			<string>_list.scss</string>
			<key>sourceTree</key>
			<string>&lt;group&gt;</string>
		</dict>
		<key>A01B633C1C75EDAB0017CEEC</key>
		<dict>
			<key>fileEncoding</key>
			<string>4</string>
			<key>isa</key>
			<string>PBXFileReference</string>
			<key>lastKnownFileType</key>
			<string>text</string>
			<key>path</key>
			<string>_mixins.scss</string>
			<key>sourceTree</key>
			<string>&lt;group&gt;</string>
		</dict>
		<key>A01B633D1C75EDAB0017CEEC</key>
		<dict>
			<key>fileEncoding</key>
			<string>4</string>
			<key>isa</key>
			<string>PBXFileReference</string>
			<key>lastKnownFileType</key>
			<string>text</string>
			<key>path</key>
			<string>_path.scss</string>
			<key>sourceTree</key>
			<string>&lt;group&gt;</string>
		</dict>
		<key>A01B633E1C75EDAB0017CEEC</key>
		<dict>
			<key>fileEncoding</key>
			<string>4</string>
			<key>isa</key>
			<string>PBXFileReference</string>
			<key>lastKnownFileType</key>
			<string>text</string>
			<key>path</key>
			<string>_rotated-flipped.scss</string>
			<key>sourceTree</key>
			<string>&lt;group&gt;</string>
		</dict>
		<key>A01B633F1C75EDAB0017CEEC</key>
		<dict>
			<key>fileEncoding</key>
			<string>4</string>
			<key>isa</key>
			<string>PBXFileReference</string>
			<key>lastKnownFileType</key>
			<string>text</string>
			<key>path</key>
			<string>_stacked.scss</string>
			<key>sourceTree</key>
			<string>&lt;group&gt;</string>
		</dict>
		<key>A01B63401C75EDAB0017CEEC</key>
		<dict>
			<key>fileEncoding</key>
			<string>4</string>
			<key>isa</key>
			<string>PBXFileReference</string>
			<key>lastKnownFileType</key>
			<string>text</string>
			<key>path</key>
			<string>_variables.scss</string>
			<key>sourceTree</key>
			<string>&lt;group&gt;</string>
		</dict>
		<key>A01B63411C75EDAB0017CEEC</key>
		<dict>
			<key>fileEncoding</key>
			<string>4</string>
			<key>isa</key>
			<string>PBXFileReference</string>
			<key>lastKnownFileType</key>
			<string>text</string>
			<key>path</key>
			<string>font-awesome.scss</string>
			<key>sourceTree</key>
			<string>&lt;group&gt;</string>
		</dict>
		<key>A01B63421C75EDAB0017CEEC</key>
		<dict>
			<key>fileRef</key>
			<string>A01B631C1C75EDAB0017CEEC</string>
			<key>isa</key>
			<string>PBXBuildFile</string>
		</dict>
		<key>A01B63431C75EDAB0017CEEC</key>
		<dict>
			<key>fileRef</key>
			<string>A01B631D1C75EDAB0017CEEC</string>
			<key>isa</key>
			<string>PBXBuildFile</string>
		</dict>
		<key>A01B63441C75EDAB0017CEEC</key>
		<dict>
			<key>fileRef</key>
			<string>A01B631F1C75EDAB0017CEEC</string>
			<key>isa</key>
			<string>PBXBuildFile</string>
		</dict>
		<key>A01B63451C75EDAB0017CEEC</key>
		<dict>
			<key>fileRef</key>
			<string>A01B63201C75EDAB0017CEEC</string>
			<key>isa</key>
			<string>PBXBuildFile</string>
		</dict>
		<key>A01B63461C75EDAB0017CEEC</key>
		<dict>
			<key>fileRef</key>
			<string>A01B63211C75EDAB0017CEEC</string>
			<key>isa</key>
			<string>PBXBuildFile</string>
		</dict>
		<key>A01B63471C75EDAB0017CEEC</key>
		<dict>
			<key>fileRef</key>
			<string>A01B63221C75EDAB0017CEEC</string>
			<key>isa</key>
			<string>PBXBuildFile</string>
		</dict>
		<key>A01B63481C75EDAB0017CEEC</key>
		<dict>
			<key>fileRef</key>
			<string>A01B63231C75EDAB0017CEEC</string>
			<key>isa</key>
			<string>PBXBuildFile</string>
		</dict>
		<key>A01B63491C75EDAB0017CEEC</key>
		<dict>
			<key>fileRef</key>
			<string>A01B63241C75EDAB0017CEEC</string>
			<key>isa</key>
			<string>PBXBuildFile</string>
		</dict>
		<key>A01B634A1C75EDAB0017CEEC</key>
		<dict>
			<key>fileRef</key>
			<string>A01B63251C75EDAB0017CEEC</string>
			<key>isa</key>
			<string>PBXBuildFile</string>
		</dict>
		<key>A01B634B1C75EDAB0017CEEC</key>
		<dict>
			<key>fileRef</key>
			<string>A01B63271C75EDAB0017CEEC</string>
			<key>isa</key>
			<string>PBXBuildFile</string>
		</dict>
		<key>A01B634C1C75EDAB0017CEEC</key>
		<dict>
			<key>fileRef</key>
			<string>A01B63281C75EDAB0017CEEC</string>
			<key>isa</key>
			<string>PBXBuildFile</string>
		</dict>
		<key>A01B634D1C75EDAB0017CEEC</key>
		<dict>
			<key>fileRef</key>
			<string>A01B63291C75EDAB0017CEEC</string>
			<key>isa</key>
			<string>PBXBuildFile</string>
		</dict>
		<key>A01B634E1C75EDAB0017CEEC</key>
		<dict>
			<key>fileRef</key>
			<string>A01B632A1C75EDAB0017CEEC</string>
			<key>isa</key>
			<string>PBXBuildFile</string>
		</dict>
		<key>A01B634F1C75EDAB0017CEEC</key>
		<dict>
			<key>fileRef</key>
			<string>A01B632B1C75EDAB0017CEEC</string>
			<key>isa</key>
			<string>PBXBuildFile</string>
		</dict>
		<key>A01B63501C75EDAB0017CEEC</key>
		<dict>
			<key>fileRef</key>
			<string>A01B632C1C75EDAB0017CEEC</string>
			<key>isa</key>
			<string>PBXBuildFile</string>
		</dict>
		<key>A01B63511C75EDAB0017CEEC</key>
		<dict>
			<key>fileRef</key>
			<string>A01B632D1C75EDAB0017CEEC</string>
			<key>isa</key>
			<string>PBXBuildFile</string>
		</dict>
		<key>A01B63521C75EDAB0017CEEC</key>
		<dict>
			<key>fileRef</key>
			<string>A01B632E1C75EDAB0017CEEC</string>
			<key>isa</key>
			<string>PBXBuildFile</string>
		</dict>
		<key>A01B63531C75EDAB0017CEEC</key>
		<dict>
			<key>fileRef</key>
			<string>A01B632F1C75EDAB0017CEEC</string>
			<key>isa</key>
			<string>PBXBuildFile</string>
		</dict>
		<key>A01B63541C75EDAB0017CEEC</key>
		<dict>
			<key>fileRef</key>
			<string>A01B63301C75EDAB0017CEEC</string>
			<key>isa</key>
			<string>PBXBuildFile</string>
		</dict>
		<key>A01B63551C75EDAB0017CEEC</key>
		<dict>
			<key>fileRef</key>
			<string>A01B63311C75EDAB0017CEEC</string>
			<key>isa</key>
			<string>PBXBuildFile</string>
		</dict>
		<key>A01B63561C75EDAB0017CEEC</key>
		<dict>
			<key>fileRef</key>
			<string>A01B63321C75EDAB0017CEEC</string>
			<key>isa</key>
			<string>PBXBuildFile</string>
		</dict>
		<key>A01B63571C75EDAB0017CEEC</key>
		<dict>
			<key>fileRef</key>
			<string>A01B63331C75EDAB0017CEEC</string>
			<key>isa</key>
			<string>PBXBuildFile</string>
		</dict>
		<key>A01B63581C75EDAB0017CEEC</key>
		<dict>
			<key>fileRef</key>
			<string>A01B63351C75EDAB0017CEEC</string>
			<key>isa</key>
			<string>PBXBuildFile</string>
		</dict>
		<key>A01B63591C75EDAB0017CEEC</key>
		<dict>
			<key>fileRef</key>
			<string>A01B63361C75EDAB0017CEEC</string>
			<key>isa</key>
			<string>PBXBuildFile</string>
		</dict>
		<key>A01B635A1C75EDAB0017CEEC</key>
		<dict>
			<key>fileRef</key>
			<string>A01B63371C75EDAB0017CEEC</string>
			<key>isa</key>
			<string>PBXBuildFile</string>
		</dict>
		<key>A01B635B1C75EDAB0017CEEC</key>
		<dict>
			<key>fileRef</key>
			<string>A01B63381C75EDAB0017CEEC</string>
			<key>isa</key>
			<string>PBXBuildFile</string>
		</dict>
		<key>A01B635C1C75EDAB0017CEEC</key>
		<dict>
			<key>fileRef</key>
			<string>A01B63391C75EDAB0017CEEC</string>
			<key>isa</key>
			<string>PBXBuildFile</string>
		</dict>
		<key>A01B635D1C75EDAB0017CEEC</key>
		<dict>
			<key>fileRef</key>
			<string>A01B633A1C75EDAB0017CEEC</string>
			<key>isa</key>
			<string>PBXBuildFile</string>
		</dict>
		<key>A01B635E1C75EDAB0017CEEC</key>
		<dict>
			<key>fileRef</key>
			<string>A01B633B1C75EDAB0017CEEC</string>
			<key>isa</key>
			<string>PBXBuildFile</string>
		</dict>
		<key>A01B635F1C75EDAB0017CEEC</key>
		<dict>
			<key>fileRef</key>
			<string>A01B633C1C75EDAB0017CEEC</string>
			<key>isa</key>
			<string>PBXBuildFile</string>
		</dict>
		<key>A01B63601C75EDAB0017CEEC</key>
		<dict>
			<key>fileRef</key>
			<string>A01B633D1C75EDAB0017CEEC</string>
			<key>isa</key>
			<string>PBXBuildFile</string>
		</dict>
		<key>A01B63611C75EDAB0017CEEC</key>
		<dict>
			<key>fileRef</key>
			<string>A01B633E1C75EDAB0017CEEC</string>
			<key>isa</key>
			<string>PBXBuildFile</string>
		</dict>
		<key>A01B63621C75EDAB0017CEEC</key>
		<dict>
			<key>fileRef</key>
			<string>A01B633F1C75EDAB0017CEEC</string>
			<key>isa</key>
			<string>PBXBuildFile</string>
		</dict>
		<key>A01B63631C75EDAB0017CEEC</key>
		<dict>
			<key>fileRef</key>
			<string>A01B63401C75EDAB0017CEEC</string>
			<key>isa</key>
			<string>PBXBuildFile</string>
		</dict>
		<key>A01B63641C75EDAB0017CEEC</key>
		<dict>
			<key>fileRef</key>
			<string>A01B63411C75EDAB0017CEEC</string>
			<key>isa</key>
			<string>PBXBuildFile</string>
		</dict>
		<key>A01B63E11C75EF880017CEEC</key>
		<dict>
			<key>fileEncoding</key>
			<string>4</string>
			<key>isa</key>
			<string>PBXFileReference</string>
			<key>lastKnownFileType</key>
			<string>sourcecode.c.h</string>
			<key>path</key>
			<string>NSString+FontAwesome.h</string>
			<key>sourceTree</key>
			<string>&lt;group&gt;</string>
		</dict>
		<key>A01B63E21C75EF880017CEEC</key>
		<dict>
			<key>fileEncoding</key>
			<string>4</string>
			<key>isa</key>
			<string>PBXFileReference</string>
			<key>lastKnownFileType</key>
			<string>sourcecode.c.objc</string>
			<key>path</key>
			<string>NSString+FontAwesome.m</string>
			<key>sourceTree</key>
			<string>&lt;group&gt;</string>
		</dict>
		<key>A01B63E31C75EF880017CEEC</key>
		<dict>
			<key>fileRef</key>
			<string>A01B63E21C75EF880017CEEC</string>
			<key>isa</key>
			<string>PBXBuildFile</string>
		</dict>
		<key>A01B63E41C7620500017CEEC</key>
		<dict>
			<key>isa</key>
			<string>PBXFileReference</string>
			<key>lastKnownFileType</key>
			<string>image.ico</string>
			<key>path</key>
			<string>videocameraICON.ico</string>
			<key>sourceTree</key>
			<string>&lt;group&gt;</string>
		</dict>
		<key>A01B63E51C7620500017CEEC</key>
		<dict>
			<key>isa</key>
			<string>PBXFileReference</string>
			<key>lastKnownFileType</key>
			<string>image.png</string>
			<key>path</key>
			<string>HEARTicon.png</string>
			<key>sourceTree</key>
			<string>&lt;group&gt;</string>
		</dict>
		<key>A01B63E61C7620500017CEEC</key>
		<dict>
			<key>isa</key>
			<string>PBXFileReference</string>
			<key>lastKnownFileType</key>
			<string>image.png</string>
			<key>path</key>
			<string>ACCOUNTicon.png</string>
			<key>sourceTree</key>
			<string>&lt;group&gt;</string>
		</dict>
		<key>A01B63E71C7620500017CEEC</key>
		<dict>
			<key>fileRef</key>
			<string>A01B63E41C7620500017CEEC</string>
			<key>isa</key>
			<string>PBXBuildFile</string>
		</dict>
		<key>A01B63E81C7620500017CEEC</key>
		<dict>
			<key>fileRef</key>
			<string>A01B63E51C7620500017CEEC</string>
			<key>isa</key>
			<string>PBXBuildFile</string>
		</dict>
		<key>A01B63E91C7620500017CEEC</key>
		<dict>
			<key>fileRef</key>
			<string>A01B63E61C7620500017CEEC</string>
			<key>isa</key>
			<string>PBXBuildFile</string>
		</dict>
		<key>A01B63EA1C7621400017CEEC</key>
		<dict>
			<key>isa</key>
			<string>PBXFileReference</string>
			<key>lastKnownFileType</key>
			<string>image.jpeg</string>
			<key>path</key>
			<string>video-camera-icon.jpg</string>
			<key>sourceTree</key>
			<string>&lt;group&gt;</string>
		</dict>
		<key>A01B63EB1C7621400017CEEC</key>
		<dict>
			<key>fileRef</key>
			<string>A01B63EA1C7621400017CEEC</string>
			<key>isa</key>
			<string>PBXBuildFile</string>
		</dict>
		<key>A01B63EC1C771A3D0017CEEC</key>
		<dict>
			<key>isa</key>
			<string>PBXFileReference</string>
			<key>lastKnownFileType</key>
			<string>image.png</string>
			<key>path</key>
			<string>fa-user.png</string>
			<key>sourceTree</key>
			<string>&lt;group&gt;</string>
		</dict>
		<key>A01B63ED1C771A3D0017CEEC</key>
		<dict>
			<key>fileRef</key>
			<string>A01B63EC1C771A3D0017CEEC</string>
			<key>isa</key>
			<string>PBXBuildFile</string>
		</dict>
		<key>A01B63EE1C771A4F0017CEEC</key>
		<dict>
			<key>isa</key>
			<string>PBXFileReference</string>
			<key>lastKnownFileType</key>
			<string>image.png</string>
			<key>path</key>
			<string>videocamicon.png</string>
			<key>sourceTree</key>
			<string>&lt;group&gt;</string>
		</dict>
		<key>A01B63EF1C771A4F0017CEEC</key>
		<dict>
			<key>fileRef</key>
			<string>A01B63EE1C771A4F0017CEEC</string>
			<key>isa</key>
			<string>PBXBuildFile</string>
		</dict>
		<key>A01B63F01C7B131E0017CEEC</key>
		<dict>
			<key>fileEncoding</key>
			<string>4</string>
			<key>isa</key>
			<string>PBXFileReference</string>
			<key>lastKnownFileType</key>
			<string>sourcecode.c.h</string>
			<key>path</key>
			<string>MOVVideosController.h</string>
			<key>sourceTree</key>
			<string>&lt;group&gt;</string>
		</dict>
		<key>A01B63F11C7B131E0017CEEC</key>
		<dict>
			<key>fileEncoding</key>
			<string>4</string>
			<key>isa</key>
			<string>PBXFileReference</string>
			<key>lastKnownFileType</key>
			<string>sourcecode.c.objc</string>
			<key>path</key>
			<string>MOVVideosController.m</string>
			<key>sourceTree</key>
			<string>&lt;group&gt;</string>
		</dict>
		<key>A01B63F21C7B131E0017CEEC</key>
		<dict>
			<key>fileRef</key>
			<string>A01B63F11C7B131E0017CEEC</string>
			<key>isa</key>
			<string>PBXBuildFile</string>
		</dict>
		<key>A01B63F31C7B19360017CEEC</key>
		<dict>
			<key>fileEncoding</key>
			<string>4</string>
			<key>isa</key>
			<string>PBXFileReference</string>
			<key>lastKnownFileType</key>
			<string>sourcecode.c.h</string>
			<key>path</key>
			<string>MOVVideo.h</string>
			<key>sourceTree</key>
			<string>&lt;group&gt;</string>
		</dict>
		<key>A01B63F41C7B19360017CEEC</key>
		<dict>
			<key>fileEncoding</key>
			<string>4</string>
			<key>isa</key>
			<string>PBXFileReference</string>
			<key>lastKnownFileType</key>
			<string>sourcecode.c.objc</string>
			<key>path</key>
			<string>MOVVideo.m</string>
			<key>sourceTree</key>
			<string>&lt;group&gt;</string>
		</dict>
		<key>A01B63F51C7B19360017CEEC</key>
		<dict>
			<key>fileRef</key>
			<string>A01B63F41C7B19360017CEEC</string>
			<key>isa</key>
			<string>PBXBuildFile</string>
		</dict>
		<key>A01B63F61C7B3A860017CEEC</key>
		<dict>
			<key>fileEncoding</key>
			<string>4</string>
			<key>isa</key>
			<string>PBXFileReference</string>
			<key>lastKnownFileType</key>
			<string>sourcecode.c.h</string>
			<key>path</key>
			<string>MOVRealmGenre.h</string>
			<key>sourceTree</key>
			<string>&lt;group&gt;</string>
		</dict>
		<key>A01B63F71C7B3A860017CEEC</key>
		<dict>
			<key>fileEncoding</key>
			<string>4</string>
			<key>isa</key>
			<string>PBXFileReference</string>
			<key>lastKnownFileType</key>
			<string>sourcecode.c.objc</string>
			<key>path</key>
			<string>MOVRealmGenre.m</string>
			<key>sourceTree</key>
			<string>&lt;group&gt;</string>
		</dict>
		<key>A01B63F81C7B3A860017CEEC</key>
		<dict>
			<key>fileRef</key>
			<string>A01B63F71C7B3A860017CEEC</string>
			<key>isa</key>
			<string>PBXBuildFile</string>
		</dict>
		<key>A050774C1C6A2CE40074603B</key>
		<dict>
			<key>isa</key>
			<string>PBXFileReference</string>
			<key>lastKnownFileType</key>
			<string>image.png</string>
			<key>path</key>
			<string>movie_transparent.png</string>
			<key>sourceTree</key>
			<string>&lt;group&gt;</string>
		</dict>
		<key>A050774D1C6A2CE40074603B</key>
		<dict>
			<key>fileRef</key>
			<string>A050774C1C6A2CE40074603B</string>
			<key>isa</key>
			<string>PBXBuildFile</string>
		</dict>
		<key>A050774E1C6A346D0074603B</key>
		<dict>
			<key>isa</key>
			<string>PBXFileReference</string>
			<key>lastKnownFileType</key>
			<string>image.png</string>
			<key>path</key>
			<string>starhighlighted.png</string>
			<key>sourceTree</key>
			<string>&lt;group&gt;</string>
		</dict>
		<key>A050774F1C6A346D0074603B</key>
		<dict>
			<key>fileRef</key>
			<string>A050774E1C6A346D0074603B</string>
			<key>isa</key>
			<string>PBXBuildFile</string>
		</dict>
		<key>A05077501C6A34730074603B</key>
		<dict>
			<key>isa</key>
			<string>PBXFileReference</string>
			<key>lastKnownFileType</key>
			<string>image.png</string>
			<key>path</key>
			<string>star.png</string>
			<key>sourceTree</key>
			<string>&lt;group&gt;</string>
		</dict>
		<key>A05077511C6A34730074603B</key>
		<dict>
			<key>fileRef</key>
			<string>A05077501C6A34730074603B</string>
			<key>isa</key>
			<string>PBXBuildFile</string>
		</dict>
		<key>A06625951C64D16300B1B050</key>
		<dict>
			<key>fileEncoding</key>
			<string>4</string>
			<key>isa</key>
			<string>PBXFileReference</string>
			<key>lastKnownFileType</key>
			<string>sourcecode.c.h</string>
			<key>name</key>
			<string>MOVMovieTableViewCell.h</string>
			<key>path</key>
			<string>../MOVMovieTableViewCell.h</string>
			<key>sourceTree</key>
			<string>&lt;group&gt;</string>
		</dict>
		<key>A06625961C64D16300B1B050</key>
		<dict>
			<key>fileEncoding</key>
			<string>4</string>
			<key>isa</key>
			<string>PBXFileReference</string>
			<key>lastKnownFileType</key>
			<string>sourcecode.c.objc</string>
			<key>name</key>
			<string>MOVMovieTableViewCell.m</string>
			<key>path</key>
			<string>../MOVMovieTableViewCell.m</string>
			<key>sourceTree</key>
			<string>&lt;group&gt;</string>
		</dict>
		<key>A06625971C64D16300B1B050</key>
		<dict>
			<key>fileRef</key>
			<string>A06625961C64D16300B1B050</string>
			<key>isa</key>
			<string>PBXBuildFile</string>
		</dict>
		<key>A06625A21C64EC0700B1B050</key>
		<dict>
			<key>fileEncoding</key>
			<string>4</string>
			<key>isa</key>
			<string>PBXFileReference</string>
			<key>lastKnownFileType</key>
			<string>sourcecode.c.h</string>
			<key>name</key>
			<string>MOVMovieCollectionViewCell.h</string>
			<key>path</key>
			<string>../MOVMovieCollectionViewCell.h</string>
			<key>sourceTree</key>
			<string>&lt;group&gt;</string>
		</dict>
		<key>A06625A31C64EC0700B1B050</key>
		<dict>
			<key>fileEncoding</key>
			<string>4</string>
			<key>isa</key>
			<string>PBXFileReference</string>
			<key>lastKnownFileType</key>
			<string>sourcecode.c.objc</string>
			<key>name</key>
			<string>MOVMovieCollectionViewCell.m</string>
			<key>path</key>
			<string>../MOVMovieCollectionViewCell.m</string>
			<key>sourceTree</key>
			<string>&lt;group&gt;</string>
		</dict>
		<key>A06625A41C64EC0700B1B050</key>
		<dict>
			<key>fileRef</key>
			<string>A06625A31C64EC0700B1B050</string>
			<key>isa</key>
			<string>PBXBuildFile</string>
		</dict>
		<key>A09F01FD1C60B48E002E128D</key>
		<dict>
			<key>children</key>
			<array>
				<string>A09F02081C60B48E002E128D</string>
				<string>A09F02071C60B48E002E128D</string>
				<string>1B1F24148A95CCAE8C470696</string>
				<string>F8ABC589A075389147F3BB51</string>
			</array>
			<key>isa</key>
			<string>PBXGroup</string>
			<key>sourceTree</key>
			<string>&lt;group&gt;</string>
		</dict>
		<key>A09F01FE1C60B48E002E128D</key>
		<dict>
			<key>attributes</key>
			<dict>
				<key>KnownAssetTags</key>
				<array>
					<string>New</string>
				</array>
				<key>LastUpgradeCheck</key>
				<string>0720</string>
				<key>ORGANIZATIONNAME</key>
				<string>EminaHuskic</string>
				<key>TargetAttributes</key>
				<dict>
					<key>A09F02051C60B48E002E128D</key>
					<dict>
						<key>CreatedOnToolsVersion</key>
						<string>7.2</string>
					</dict>
				</dict>
			</dict>
			<key>buildConfigurationList</key>
			<string>A09F02011C60B48E002E128D</string>
			<key>compatibilityVersion</key>
			<string>Xcode 3.2</string>
			<key>developmentRegion</key>
			<string>English</string>
			<key>hasScannedForEncodings</key>
			<string>0</string>
			<key>isa</key>
			<string>PBXProject</string>
			<key>knownRegions</key>
			<array>
				<string>en</string>
				<string>Base</string>
			</array>
			<key>mainGroup</key>
			<string>A09F01FD1C60B48E002E128D</string>
			<key>productRefGroup</key>
			<string>A09F02071C60B48E002E128D</string>
			<key>projectDirPath</key>
			<string></string>
			<key>projectReferences</key>
			<array/>
			<key>projectRoot</key>
			<string></string>
			<key>targets</key>
			<array>
				<string>A09F02051C60B48E002E128D</string>
			</array>
		</dict>
		<key>A09F02011C60B48E002E128D</key>
		<dict>
			<key>buildConfigurations</key>
			<array>
				<string>A09F021E1C60B48E002E128D</string>
				<string>A09F021F1C60B48E002E128D</string>
			</array>
			<key>defaultConfigurationIsVisible</key>
			<string>0</string>
			<key>defaultConfigurationName</key>
			<string>Release</string>
			<key>isa</key>
			<string>XCConfigurationList</string>
		</dict>
		<key>A09F02021C60B48E002E128D</key>
		<dict>
			<key>buildActionMask</key>
			<string>2147483647</string>
			<key>files</key>
			<array>
				<string>A06625A41C64EC0700B1B050</string>
				<string>A09F02261C60B5BB002E128D</string>
				<string>A0E3542D1C737F8C00E81503</string>
				<string>A09F020E1C60B48E002E128D</string>
				<string>A0E3541E1C736E4700E81503</string>
				<string>A00BFE981C7DD24500DD2227</string>
				<string>A06625971C64D16300B1B050</string>
				<string>A01B63F51C7B19360017CEEC</string>
				<string>A00BFE941C7DC78600DD2227</string>
				<string>A01B5BA01C749E4E0017CEEC</string>
				<string>A0E3540C1C72319900E81503</string>
				<string>A01B63F21C7B131E0017CEEC</string>
				<string>A0E353ED1C6B5A8500E81503</string>
				<string>A00BFEA11C7F347E00DD2227</string>
				<string>A01B5BA31C74B1530017CEEC</string>
				<string>A09F02321C60D6E9002E128D</string>
				<string>A0E354151C723A2100E81503</string>
				<string>A09F02111C60B48E002E128D</string>
				<string>A09F020B1C60B48E002E128D</string>
				<string>A0E353E01C6B39ED00E81503</string>
				<string>A00BFE9D1C7DF4F500DD2227</string>
				<string>A0E354241C7370FD00E81503</string>
				<string>A0E3542A1C737E8500E81503</string>
				<string>A0E353F01C6B63DB00E81503</string>
				<string>A0E354091C722FE600E81503</string>
				<string>A0E354121C72353700E81503</string>
				<string>A01B63E31C75EF880017CEEC</string>
				<string>A0E3540F1C72332D00E81503</string>
				<string>A01B5BA61C74C46D0017CEEC</string>
				<string>A01B63F81C7B3A860017CEEC</string>
				<string>A0E354271C73711800E81503</string>
			</array>
			<key>isa</key>
			<string>PBXSourcesBuildPhase</string>
			<key>runOnlyForDeploymentPostprocessing</key>
			<string>0</string>
		</dict>
		<key>A09F02031C60B48E002E128D</key>
		<dict>
			<key>buildActionMask</key>
			<string>2147483647</string>
			<key>files</key>
			<array>
				<string>F56DFE1D7BBDBDF2F9D3637C</string>
				<string>E8C5C0D528B59906A4F0992F</string>
			</array>
			<key>isa</key>
			<string>PBXFrameworksBuildPhase</string>
			<key>runOnlyForDeploymentPostprocessing</key>
			<string>0</string>
		</dict>
		<key>A09F02041C60B48E002E128D</key>
		<dict>
			<key>buildActionMask</key>
			<string>2147483647</string>
			<key>files</key>
			<array>
				<string>A01B63451C75EDAB0017CEEC</string>
				<string>A01B634B1C75EDAB0017CEEC</string>
				<string>A01B63EB1C7621400017CEEC</string>
				<string>A01B63E81C7620500017CEEC</string>
				<string>A0E353E21C6B3BF400E81503</string>
				<string>A01B63EF1C771A4F0017CEEC</string>
				<string>A01B63551C75EDAB0017CEEC</string>
				<string>A01B63471C75EDAB0017CEEC</string>
				<string>A01B635D1C75EDAB0017CEEC</string>
				<string>A01B63461C75EDAB0017CEEC</string>
				<string>A01B63641C75EDAB0017CEEC</string>
				<string>A09F021C1C60B48E002E128D</string>
				<string>A050774F1C6A346D0074603B</string>
				<string>A01B63581C75EDAB0017CEEC</string>
				<string>A01B634E1C75EDAB0017CEEC</string>
				<string>A01B635A1C75EDAB0017CEEC</string>
				<string>A01B63E91C7620500017CEEC</string>
				<string>A0E354181C72421B00E81503</string>
				<string>A01B63561C75EDAB0017CEEC</string>
				<string>A01B635B1C75EDAB0017CEEC</string>
				<string>A09F02191C60B48E002E128D</string>
				<string>A01B63541C75EDAB0017CEEC</string>
				<string>A01B63621C75EDAB0017CEEC</string>
				<string>A01B63631C75EDAB0017CEEC</string>
				<string>A0E353E41C6B3EAB00E81503</string>
				<string>A01B63591C75EDAB0017CEEC</string>
				<string>A01B634D1C75EDAB0017CEEC</string>
				<string>A01B634C1C75EDAB0017CEEC</string>
				<string>A0E353E61C6B3EB800E81503</string>
				<string>A01B63491C75EDAB0017CEEC</string>
				<string>A05077511C6A34730074603B</string>
				<string>A01B63501C75EDAB0017CEEC</string>
				<string>A01B634A1C75EDAB0017CEEC</string>
				<string>A01B635F1C75EDAB0017CEEC</string>
				<string>A01B634F1C75EDAB0017CEEC</string>
				<string>A0E354021C72225700E81503</string>
				<string>A01B63531C75EDAB0017CEEC</string>
				<string>A0E354001C72225000E81503</string>
				<string>A01B63431C75EDAB0017CEEC</string>
				<string>A01B635C1C75EDAB0017CEEC</string>
				<string>A01B63511C75EDAB0017CEEC</string>
				<string>A01B63E71C7620500017CEEC</string>
				<string>A01B63601C75EDAB0017CEEC</string>
				<string>A0E354061C72239C00E81503</string>
				<string>A01B63571C75EDAB0017CEEC</string>
				<string>A01B63611C75EDAB0017CEEC</string>
				<string>A01B63441C75EDAB0017CEEC</string>
				<string>A050774D1C6A2CE40074603B</string>
				<string>A01B63421C75EDAB0017CEEC</string>
				<string>A01B63521C75EDAB0017CEEC</string>
				<string>A01B63ED1C771A3D0017CEEC</string>
				<string>A01B635E1C75EDAB0017CEEC</string>
				<string>A01B63481C75EDAB0017CEEC</string>
			</array>
			<key>isa</key>
			<string>PBXResourcesBuildPhase</string>
			<key>runOnlyForDeploymentPostprocessing</key>
			<string>0</string>
		</dict>
		<key>A09F02051C60B48E002E128D</key>
		<dict>
			<key>buildConfigurationList</key>
			<string>A09F02201C60B48E002E128D</string>
			<key>buildPhases</key>
			<array>
				<string>FA370ACA89CBA9073FEFE495</string>
				<string>A09F02021C60B48E002E128D</string>
				<string>A09F02031C60B48E002E128D</string>
				<string>A09F02041C60B48E002E128D</string>
				<string>9E58288AE62D0CEFE0A7C932</string>
				<string>8CB42AF5B309EC9B0848E241</string>
			</array>
			<key>buildRules</key>
			<array/>
			<key>dependencies</key>
			<array/>
			<key>isa</key>
			<string>PBXNativeTarget</string>
			<key>name</key>
			<string>movieApp</string>
			<key>productName</key>
			<string>movieApp</string>
			<key>productReference</key>
			<string>A09F02061C60B48E002E128D</string>
			<key>productType</key>
			<string>com.apple.product-type.application</string>
		</dict>
		<key>A09F02061C60B48E002E128D</key>
		<dict>
			<key>explicitFileType</key>
			<string>wrapper.application</string>
			<key>includeInIndex</key>
			<string>0</string>
			<key>isa</key>
			<string>PBXFileReference</string>
			<key>path</key>
			<string>movieApp.app</string>
			<key>sourceTree</key>
			<string>BUILT_PRODUCTS_DIR</string>
		</dict>
		<key>A09F02071C60B48E002E128D</key>
		<dict>
			<key>children</key>
			<array>
				<string>A09F02061C60B48E002E128D</string>
			</array>
			<key>isa</key>
			<string>PBXGroup</string>
			<key>name</key>
			<string>Products</string>
			<key>sourceTree</key>
			<string>&lt;group&gt;</string>
		</dict>
		<key>A09F02081C60B48E002E128D</key>
		<dict>
			<key>children</key>
			<array>
				<string>A09F02231C60B57A002E128D</string>
				<string>A06625951C64D16300B1B050</string>
				<string>A06625961C64D16300B1B050</string>
				<string>A06625A21C64EC0700B1B050</string>
				<string>A06625A31C64EC0700B1B050</string>
				<string>A0E353DE1C6B39ED00E81503</string>
				<string>A0E353DF1C6B39ED00E81503</string>
				<string>A09F020F1C60B48E002E128D</string>
				<string>A09F02101C60B48E002E128D</string>
				<string>A0E354131C723A2100E81503</string>
				<string>A0E354141C723A2100E81503</string>
				<string>A0E3541A1C736DB100E81503</string>
				<string>A0E3541C1C736E4700E81503</string>
				<string>A0E3541D1C736E4700E81503</string>
				<string>A0E3541B1C736E1700E81503</string>
				<string>A01B5BA11C74B1530017CEEC</string>
				<string>A01B5BA21C74B1530017CEEC</string>
				<string>A01B5BA41C74C46D0017CEEC</string>
				<string>A01B5BA51C74C46D0017CEEC</string>
				<string>A01B63F01C7B131E0017CEEC</string>
				<string>A01B63F11C7B131E0017CEEC</string>
				<string>A00BFE931C7DC78600DD2227</string>
				<string>A00BFEA01C7F347E00DD2227</string>
				<string>A00BFE971C7DD24500DD2227</string>
				<string>A0E354161C72421B00E81503</string>
				<string>A09F02181C60B48E002E128D</string>
				<string>A09F021A1C60B48E002E128D</string>
				<string>A09F021D1C60B48E002E128D</string>
				<string>A09F02091C60B48E002E128D</string>
				<string>A00BFE921C7DC78600DD2227</string>
			</array>
			<key>isa</key>
			<string>PBXGroup</string>
			<key>path</key>
			<string>movieApp</string>
			<key>sourceTree</key>
			<string>&lt;group&gt;</string>
		</dict>
		<key>A09F02091C60B48E002E128D</key>
		<dict>
			<key>children</key>
			<array>
				<string>A01B63EE1C771A4F0017CEEC</string>
				<string>A01B63EC1C771A3D0017CEEC</string>
				<string>A01B63EA1C7621400017CEEC</string>
				<string>A01B63E41C7620500017CEEC</string>
				<string>A01B63E51C7620500017CEEC</string>
				<string>A01B63E61C7620500017CEEC</string>
				<string>A01B63E11C75EF880017CEEC</string>
				<string>A01B63E21C75EF880017CEEC</string>
				<string>A01B631A1C75EDAB0017CEEC</string>
				<string>A09F020C1C60B48E002E128D</string>
				<string>A09F020D1C60B48E002E128D</string>
				<string>A0E353E51C6B3EB800E81503</string>
				<string>A0E353E31C6B3EAB00E81503</string>
				<string>A0E353FF1C72225000E81503</string>
				<string>A0E353E11C6B3BF400E81503</string>
				<string>A05077501C6A34730074603B</string>
				<string>A0E354051C72239C00E81503</string>
				<string>A050774E1C6A346D0074603B</string>
				<string>A0E354011C72225700E81503</string>
				<string>A050774C1C6A2CE40074603B</string>
				<string>A09F020A1C60B48E002E128D</string>
			</array>
			<key>isa</key>
			<string>PBXGroup</string>
			<key>name</key>
			<string>Supporting Files</string>
			<key>sourceTree</key>
			<string>&lt;group&gt;</string>
		</dict>
		<key>A09F020A1C60B48E002E128D</key>
		<dict>
			<key>isa</key>
			<string>PBXFileReference</string>
			<key>lastKnownFileType</key>
			<string>sourcecode.c.objc</string>
			<key>path</key>
			<string>main.m</string>
			<key>sourceTree</key>
			<string>&lt;group&gt;</string>
		</dict>
		<key>A09F020B1C60B48E002E128D</key>
		<dict>
			<key>fileRef</key>
			<string>A09F020A1C60B48E002E128D</string>
			<key>isa</key>
			<string>PBXBuildFile</string>
		</dict>
		<key>A09F020C1C60B48E002E128D</key>
		<dict>
			<key>isa</key>
			<string>PBXFileReference</string>
			<key>lastKnownFileType</key>
			<string>sourcecode.c.h</string>
			<key>path</key>
			<string>AppDelegate.h</string>
			<key>sourceTree</key>
			<string>&lt;group&gt;</string>
		</dict>
		<key>A09F020D1C60B48E002E128D</key>
		<dict>
			<key>isa</key>
			<string>PBXFileReference</string>
			<key>lastKnownFileType</key>
			<string>sourcecode.c.objc</string>
			<key>path</key>
			<string>AppDelegate.m</string>
			<key>sourceTree</key>
			<string>&lt;group&gt;</string>
		</dict>
		<key>A09F020E1C60B48E002E128D</key>
		<dict>
			<key>fileRef</key>
			<string>A09F020D1C60B48E002E128D</string>
			<key>isa</key>
			<string>PBXBuildFile</string>
		</dict>
		<key>A09F020F1C60B48E002E128D</key>
		<dict>
			<key>isa</key>
			<string>PBXFileReference</string>
			<key>lastKnownFileType</key>
			<string>sourcecode.c.h</string>
			<key>path</key>
			<string>MasterViewController.h</string>
			<key>sourceTree</key>
			<string>&lt;group&gt;</string>
		</dict>
		<key>A09F02101C60B48E002E128D</key>
		<dict>
			<key>isa</key>
			<string>PBXFileReference</string>
			<key>lastKnownFileType</key>
			<string>sourcecode.c.objc</string>
			<key>path</key>
			<string>MasterViewController.m</string>
			<key>sourceTree</key>
			<string>&lt;group&gt;</string>
		</dict>
		<key>A09F02111C60B48E002E128D</key>
		<dict>
			<key>fileRef</key>
			<string>A09F02101C60B48E002E128D</string>
			<key>isa</key>
			<string>PBXBuildFile</string>
		</dict>
		<key>A09F02181C60B48E002E128D</key>
		<dict>
			<key>isa</key>
			<string>PBXFileReference</string>
			<key>lastKnownFileType</key>
			<string>folder.assetcatalog</string>
			<key>path</key>
			<string>Assets.xcassets</string>
			<key>sourceTree</key>
			<string>&lt;group&gt;</string>
		</dict>
		<key>A09F02191C60B48E002E128D</key>
		<dict>
			<key>fileRef</key>
			<string>A09F02181C60B48E002E128D</string>
			<key>isa</key>
			<string>PBXBuildFile</string>
		</dict>
		<key>A09F021A1C60B48E002E128D</key>
		<dict>
			<key>children</key>
			<array>
				<string>A09F021B1C60B48E002E128D</string>
			</array>
			<key>isa</key>
			<string>PBXVariantGroup</string>
			<key>name</key>
			<string>LaunchScreen.storyboard</string>
			<key>sourceTree</key>
			<string>&lt;group&gt;</string>
		</dict>
		<key>A09F021B1C60B48E002E128D</key>
		<dict>
			<key>isa</key>
			<string>PBXFileReference</string>
			<key>lastKnownFileType</key>
			<string>file.storyboard</string>
			<key>name</key>
			<string>Base</string>
			<key>path</key>
			<string>Base.lproj/LaunchScreen.storyboard</string>
			<key>sourceTree</key>
			<string>&lt;group&gt;</string>
		</dict>
		<key>A09F021C1C60B48E002E128D</key>
		<dict>
			<key>fileRef</key>
			<string>A09F021A1C60B48E002E128D</string>
			<key>isa</key>
			<string>PBXBuildFile</string>
		</dict>
		<key>A09F021D1C60B48E002E128D</key>
		<dict>
			<key>isa</key>
			<string>PBXFileReference</string>
			<key>lastKnownFileType</key>
			<string>text.plist.xml</string>
			<key>path</key>
			<string>Info.plist</string>
			<key>sourceTree</key>
			<string>&lt;group&gt;</string>
		</dict>
		<key>A09F021E1C60B48E002E128D</key>
		<dict>
			<key>buildSettings</key>
			<dict>
				<key>ALWAYS_SEARCH_USER_PATHS</key>
				<string>NO</string>
				<key>CLANG_CXX_LANGUAGE_STANDARD</key>
				<string>gnu++0x</string>
				<key>CLANG_CXX_LIBRARY</key>
				<string>libc++</string>
				<key>CLANG_ENABLE_MODULES</key>
				<string>YES</string>
				<key>CLANG_ENABLE_OBJC_ARC</key>
				<string>YES</string>
				<key>CLANG_WARN_BOOL_CONVERSION</key>
				<string>YES</string>
				<key>CLANG_WARN_CONSTANT_CONVERSION</key>
				<string>YES</string>
				<key>CLANG_WARN_DIRECT_OBJC_ISA_USAGE</key>
				<string>YES_ERROR</string>
				<key>CLANG_WARN_EMPTY_BODY</key>
				<string>YES</string>
				<key>CLANG_WARN_ENUM_CONVERSION</key>
				<string>YES</string>
				<key>CLANG_WARN_INT_CONVERSION</key>
				<string>YES</string>
				<key>CLANG_WARN_OBJC_ROOT_CLASS</key>
				<string>YES_ERROR</string>
				<key>CLANG_WARN_UNREACHABLE_CODE</key>
				<string>YES</string>
				<key>CLANG_WARN__DUPLICATE_METHOD_MATCH</key>
				<string>YES</string>
				<key>CODE_SIGN_IDENTITY[sdk=iphoneos*]</key>
				<string>iPhone Developer</string>
				<key>COPY_PHASE_STRIP</key>
				<string>NO</string>
				<key>DEBUG_INFORMATION_FORMAT</key>
				<string>dwarf</string>
				<key>ENABLE_STRICT_OBJC_MSGSEND</key>
				<string>YES</string>
				<key>ENABLE_TESTABILITY</key>
				<string>YES</string>
				<key>GCC_C_LANGUAGE_STANDARD</key>
				<string>gnu99</string>
				<key>GCC_DYNAMIC_NO_PIC</key>
				<string>NO</string>
				<key>GCC_NO_COMMON_BLOCKS</key>
				<string>YES</string>
				<key>GCC_OPTIMIZATION_LEVEL</key>
				<string>0</string>
				<key>GCC_PREPROCESSOR_DEFINITIONS</key>
				<array>
					<string>DEBUG=1</string>
					<string>$(inherited)</string>
				</array>
				<key>GCC_WARN_64_TO_32_BIT_CONVERSION</key>
				<string>YES</string>
				<key>GCC_WARN_ABOUT_RETURN_TYPE</key>
				<string>YES_ERROR</string>
				<key>GCC_WARN_UNDECLARED_SELECTOR</key>
				<string>YES</string>
				<key>GCC_WARN_UNINITIALIZED_AUTOS</key>
				<string>YES_AGGRESSIVE</string>
				<key>GCC_WARN_UNUSED_FUNCTION</key>
				<string>YES</string>
				<key>GCC_WARN_UNUSED_VARIABLE</key>
				<string>YES</string>
				<key>IPHONEOS_DEPLOYMENT_TARGET</key>
				<string>9.2</string>
				<key>MTL_ENABLE_DEBUG_INFO</key>
				<string>YES</string>
				<key>ONLY_ACTIVE_ARCH</key>
				<string>YES</string>
				<key>SDKROOT</key>
				<string>iphoneos</string>
			</dict>
			<key>isa</key>
			<string>XCBuildConfiguration</string>
			<key>name</key>
			<string>Debug</string>
		</dict>
		<key>A09F021F1C60B48E002E128D</key>
		<dict>
			<key>buildSettings</key>
			<dict>
				<key>ALWAYS_SEARCH_USER_PATHS</key>
				<string>NO</string>
				<key>CLANG_CXX_LANGUAGE_STANDARD</key>
				<string>gnu++0x</string>
				<key>CLANG_CXX_LIBRARY</key>
				<string>libc++</string>
				<key>CLANG_ENABLE_MODULES</key>
				<string>YES</string>
				<key>CLANG_ENABLE_OBJC_ARC</key>
				<string>YES</string>
				<key>CLANG_WARN_BOOL_CONVERSION</key>
				<string>YES</string>
				<key>CLANG_WARN_CONSTANT_CONVERSION</key>
				<string>YES</string>
				<key>CLANG_WARN_DIRECT_OBJC_ISA_USAGE</key>
				<string>YES_ERROR</string>
				<key>CLANG_WARN_EMPTY_BODY</key>
				<string>YES</string>
				<key>CLANG_WARN_ENUM_CONVERSION</key>
				<string>YES</string>
				<key>CLANG_WARN_INT_CONVERSION</key>
				<string>YES</string>
				<key>CLANG_WARN_OBJC_ROOT_CLASS</key>
				<string>YES_ERROR</string>
				<key>CLANG_WARN_UNREACHABLE_CODE</key>
				<string>YES</string>
				<key>CLANG_WARN__DUPLICATE_METHOD_MATCH</key>
				<string>YES</string>
				<key>CODE_SIGN_IDENTITY[sdk=iphoneos*]</key>
				<string>iPhone Developer</string>
				<key>COPY_PHASE_STRIP</key>
				<string>NO</string>
				<key>DEBUG_INFORMATION_FORMAT</key>
				<string>dwarf-with-dsym</string>
				<key>ENABLE_NS_ASSERTIONS</key>
				<string>NO</string>
				<key>ENABLE_STRICT_OBJC_MSGSEND</key>
				<string>YES</string>
				<key>GCC_C_LANGUAGE_STANDARD</key>
				<string>gnu99</string>
				<key>GCC_NO_COMMON_BLOCKS</key>
				<string>YES</string>
				<key>GCC_WARN_64_TO_32_BIT_CONVERSION</key>
				<string>YES</string>
				<key>GCC_WARN_ABOUT_RETURN_TYPE</key>
				<string>YES_ERROR</string>
				<key>GCC_WARN_UNDECLARED_SELECTOR</key>
				<string>YES</string>
				<key>GCC_WARN_UNINITIALIZED_AUTOS</key>
				<string>YES_AGGRESSIVE</string>
				<key>GCC_WARN_UNUSED_FUNCTION</key>
				<string>YES</string>
				<key>GCC_WARN_UNUSED_VARIABLE</key>
				<string>YES</string>
				<key>IPHONEOS_DEPLOYMENT_TARGET</key>
				<string>9.2</string>
				<key>MTL_ENABLE_DEBUG_INFO</key>
				<string>NO</string>
				<key>SDKROOT</key>
				<string>iphoneos</string>
				<key>VALIDATE_PRODUCT</key>
				<string>YES</string>
			</dict>
			<key>isa</key>
			<string>XCBuildConfiguration</string>
			<key>name</key>
			<string>Release</string>
		</dict>
		<key>A09F02201C60B48E002E128D</key>
		<dict>
			<key>buildConfigurations</key>
			<array>
				<string>A09F02211C60B48E002E128D</string>
				<string>A09F02221C60B48E002E128D</string>
			</array>
			<key>defaultConfigurationIsVisible</key>
			<string>0</string>
			<key>defaultConfigurationName</key>
			<string>Release</string>
			<key>isa</key>
			<string>XCConfigurationList</string>
		</dict>
		<key>A09F02211C60B48E002E128D</key>
		<dict>
			<key>baseConfigurationReference</key>
			<string>A3F45D917B677418DE3994AE</string>
			<key>buildSettings</key>
			<dict>
				<key>ASSETCATALOG_COMPILER_APPICON_NAME</key>
				<string>AppIcon</string>
				<key>CLANG_ENABLE_MODULES</key>
				<string>YES</string>
				<key>INFOPLIST_FILE</key>
				<string>movieApp/Info.plist</string>
				<key>IPHONEOS_DEPLOYMENT_TARGET</key>
				<string>8.0</string>
				<key>LD_RUNPATH_SEARCH_PATHS</key>
				<string>$(inherited) @executable_path/Frameworks</string>
				<key>OTHER_LDFLAGS</key>
				<array>
					<string>$(inherited)</string>
					<string>-all_load</string>
					<string>-ObjC</string>
					<string>-framework</string>
					<string>"AFNetworking"</string>
					<string>-framework</string>
					<string>"Alamofire"</string>
					<string>-framework</string>
					<string>"EDStarRating"</string>
					<string>-framework</string>
					<string>"FastImageCache"</string>
					<string>-framework</string>
					<string>"FontAwesome_iOS"</string>
					<string>-framework</string>
					<string>"ISO8601DateFormatterValueTransformer"</string>
					<string>-framework</string>
					<string>"RKValueTransformers"</string>
					<string>-framework</string>
					<string>"Realm"</string>
					<string>-framework</string>
					<string>"RestKit"</string>
					<string>-framework</string>
					<string>"SDWebImage"</string>
					<string>-framework</string>
					<string>"SOCKit"</string>
					<string>-framework</string>
					<string>"TransitionKit"</string>
					<string>-framework</string>
					<string>"youtube_ios_player_helper"</string>
				</array>
				<key>PRODUCT_BUNDLE_IDENTIFIER</key>
				<string>com.eminahuskic.movieApp</string>
				<key>PRODUCT_NAME</key>
				<string>$(TARGET_NAME)</string>
				<key>SWIFT_OBJC_BRIDGING_HEADER</key>
				<string>movieApp/movieApp-Bridging-Header.h</string>
				<key>SWIFT_OPTIMIZATION_LEVEL</key>
				<string>-Onone</string>
				<key>USER_HEADER_SEARCH_PATHS</key>
				<string>${PODS_ROOT}/**</string>
				<key>USER_HEADER_SEARCH_PATHS[arch=*]</key>
				<string></string>
			</dict>
			<key>isa</key>
			<string>XCBuildConfiguration</string>
			<key>name</key>
			<string>Debug</string>
		</dict>
		<key>A09F02221C60B48E002E128D</key>
		<dict>
			<key>baseConfigurationReference</key>
			<string>BE31C9C8EE8F0F7ED4F5DE42</string>
			<key>buildSettings</key>
			<dict>
				<key>ASSETCATALOG_COMPILER_APPICON_NAME</key>
				<string>AppIcon</string>
				<key>CLANG_ENABLE_MODULES</key>
				<string>YES</string>
				<key>INFOPLIST_FILE</key>
				<string>movieApp/Info.plist</string>
				<key>IPHONEOS_DEPLOYMENT_TARGET</key>
				<string>8.0</string>
				<key>LD_RUNPATH_SEARCH_PATHS</key>
				<string>$(inherited) @executable_path/Frameworks</string>
				<key>OTHER_LDFLAGS</key>
				<array>
					<string>$(inherited)</string>
					<string>-all_load</string>
					<string>-ObjC</string>
					<string>-framework</string>
					<string>"AFNetworking"</string>
					<string>-framework</string>
					<string>"Alamofire"</string>
					<string>-framework</string>
					<string>"EDStarRating"</string>
					<string>-framework</string>
					<string>"FastImageCache"</string>
					<string>-framework</string>
					<string>"FontAwesome_iOS"</string>
					<string>-framework</string>
					<string>"ISO8601DateFormatterValueTransformer"</string>
					<string>-framework</string>
					<string>"RKValueTransformers"</string>
					<string>-framework</string>
					<string>"Realm"</string>
					<string>-framework</string>
					<string>"RestKit"</string>
					<string>-framework</string>
					<string>"SDWebImage"</string>
					<string>-framework</string>
					<string>"SOCKit"</string>
					<string>-framework</string>
					<string>"TransitionKit"</string>
					<string>-framework</string>
					<string>"youtube_ios_player_helper"</string>
				</array>
				<key>PRODUCT_BUNDLE_IDENTIFIER</key>
				<string>com.eminahuskic.movieApp</string>
				<key>PRODUCT_NAME</key>
				<string>$(TARGET_NAME)</string>
				<key>SWIFT_OBJC_BRIDGING_HEADER</key>
				<string>movieApp/movieApp-Bridging-Header.h</string>
				<key>USER_HEADER_SEARCH_PATHS</key>
				<string></string>
			</dict>
			<key>isa</key>
			<string>XCBuildConfiguration</string>
			<key>name</key>
			<string>Release</string>
		</dict>
		<key>A09F02231C60B57A002E128D</key>
		<dict>
			<key>children</key>
			<array>
				<string>A09F02241C60B5BB002E128D</string>
				<string>A09F02251C60B5BB002E128D</string>
				<string>A09F02301C60D6E9002E128D</string>
				<string>A09F02311C60D6E9002E128D</string>
				<string>A0E353EB1C6B5A8500E81503</string>
				<string>A0E353EC1C6B5A8500E81503</string>
				<string>A01B5B9E1C749E4E0017CEEC</string>
				<string>A01B5B9F1C749E4E0017CEEC</string>
				<string>A01B63F61C7B3A860017CEEC</string>
				<string>A01B63F71C7B3A860017CEEC</string>
				<string>A01B63F31C7B19360017CEEC</string>
				<string>A01B63F41C7B19360017CEEC</string>
				<string>A00BFE9B1C7DF4F500DD2227</string>
				<string>A00BFE9C1C7DF4F500DD2227</string>
			</array>
			<key>isa</key>
			<string>PBXGroup</string>
			<key>name</key>
			<string>Model</string>
			<key>sourceTree</key>
			<string>&lt;group&gt;</string>
		</dict>
		<key>A09F02241C60B5BB002E128D</key>
		<dict>
			<key>fileEncoding</key>
			<string>4</string>
			<key>isa</key>
			<string>PBXFileReference</string>
			<key>lastKnownFileType</key>
			<string>sourcecode.c.h</string>
			<key>name</key>
			<string>MOVMovie.h</string>
			<key>path</key>
			<string>Model/MOVMovie.h</string>
			<key>sourceTree</key>
			<string>SOURCE_ROOT</string>
		</dict>
		<key>A09F02251C60B5BB002E128D</key>
		<dict>
			<key>fileEncoding</key>
			<string>4</string>
			<key>isa</key>
			<string>PBXFileReference</string>
			<key>lastKnownFileType</key>
			<string>sourcecode.c.objc</string>
			<key>name</key>
			<string>MOVMovie.m</string>
			<key>path</key>
			<string>Model/MOVMovie.m</string>
			<key>sourceTree</key>
			<string>SOURCE_ROOT</string>
		</dict>
		<key>A09F02261C60B5BB002E128D</key>
		<dict>
			<key>fileRef</key>
			<string>A09F02251C60B5BB002E128D</string>
			<key>isa</key>
			<string>PBXBuildFile</string>
		</dict>
		<key>A09F02301C60D6E9002E128D</key>
		<dict>
			<key>fileEncoding</key>
			<string>4</string>
			<key>isa</key>
			<string>PBXFileReference</string>
			<key>lastKnownFileType</key>
			<string>sourcecode.c.h</string>
			<key>path</key>
			<string>MOVGenre.h</string>
			<key>sourceTree</key>
			<string>&lt;group&gt;</string>
		</dict>
		<key>A09F02311C60D6E9002E128D</key>
		<dict>
			<key>fileEncoding</key>
			<string>4</string>
			<key>isa</key>
			<string>PBXFileReference</string>
			<key>lastKnownFileType</key>
			<string>sourcecode.c.objc</string>
			<key>path</key>
			<string>MOVGenre.m</string>
			<key>sourceTree</key>
			<string>&lt;group&gt;</string>
		</dict>
		<key>A09F02321C60D6E9002E128D</key>
		<dict>
			<key>fileRef</key>
			<string>A09F02311C60D6E9002E128D</string>
			<key>isa</key>
			<string>PBXBuildFile</string>
		</dict>
		<key>A0E353DE1C6B39ED00E81503</key>
		<dict>
			<key>fileEncoding</key>
			<string>4</string>
			<key>isa</key>
			<string>PBXFileReference</string>
			<key>lastKnownFileType</key>
			<string>sourcecode.c.h</string>
			<key>path</key>
			<string>MOVMovieStarRateView.h</string>
			<key>sourceTree</key>
			<string>&lt;group&gt;</string>
		</dict>
		<key>A0E353DF1C6B39ED00E81503</key>
		<dict>
			<key>fileEncoding</key>
			<string>4</string>
			<key>isa</key>
			<string>PBXFileReference</string>
			<key>lastKnownFileType</key>
			<string>sourcecode.c.objc</string>
			<key>path</key>
			<string>MOVMovieStarRateView.m</string>
			<key>sourceTree</key>
			<string>&lt;group&gt;</string>
		</dict>
		<key>A0E353E01C6B39ED00E81503</key>
		<dict>
			<key>fileRef</key>
			<string>A0E353DF1C6B39ED00E81503</string>
			<key>isa</key>
			<string>PBXBuildFile</string>
		</dict>
		<key>A0E353E11C6B3BF400E81503</key>
		<dict>
			<key>isa</key>
			<string>PBXFileReference</string>
			<key>lastKnownFileType</key>
			<string>image.png</string>
			<key>path</key>
			<string>redstarhald.png</string>
			<key>sourceTree</key>
			<string>&lt;group&gt;</string>
		</dict>
		<key>A0E353E21C6B3BF400E81503</key>
		<dict>
			<key>fileRef</key>
			<string>A0E353E11C6B3BF400E81503</string>
			<key>isa</key>
			<string>PBXBuildFile</string>
		</dict>
		<key>A0E353E31C6B3EAB00E81503</key>
		<dict>
			<key>isa</key>
			<string>PBXFileReference</string>
			<key>lastKnownFileType</key>
			<string>image.png</string>
			<key>path</key>
			<string>redstarnotselected.png</string>
			<key>sourceTree</key>
			<string>&lt;group&gt;</string>
		</dict>
		<key>A0E353E41C6B3EAB00E81503</key>
		<dict>
			<key>fileRef</key>
			<string>A0E353E31C6B3EAB00E81503</string>
			<key>isa</key>
			<string>PBXBuildFile</string>
		</dict>
		<key>A0E353E51C6B3EB800E81503</key>
		<dict>
			<key>isa</key>
			<string>PBXFileReference</string>
			<key>lastKnownFileType</key>
			<string>image.png</string>
			<key>path</key>
			<string>redstarfullselected.png</string>
			<key>sourceTree</key>
			<string>&lt;group&gt;</string>
		</dict>
		<key>A0E353E61C6B3EB800E81503</key>
		<dict>
			<key>fileRef</key>
			<string>A0E353E51C6B3EB800E81503</string>
			<key>isa</key>
			<string>PBXBuildFile</string>
		</dict>
		<key>A0E353EB1C6B5A8500E81503</key>
		<dict>
			<key>fileEncoding</key>
			<string>4</string>
			<key>isa</key>
			<string>PBXFileReference</string>
			<key>lastKnownFileType</key>
			<string>sourcecode.c.h</string>
			<key>name</key>
			<string>MOVPerson.h</string>
			<key>path</key>
			<string>Model/MOVPerson.h</string>
			<key>sourceTree</key>
			<string>SOURCE_ROOT</string>
		</dict>
		<key>A0E353EC1C6B5A8500E81503</key>
		<dict>
			<key>fileEncoding</key>
			<string>4</string>
			<key>isa</key>
			<string>PBXFileReference</string>
			<key>lastKnownFileType</key>
			<string>sourcecode.c.objc</string>
			<key>name</key>
			<string>MOVPerson.m</string>
			<key>path</key>
			<string>Model/MOVPerson.m</string>
			<key>sourceTree</key>
			<string>SOURCE_ROOT</string>
		</dict>
		<key>A0E353ED1C6B5A8500E81503</key>
		<dict>
			<key>fileRef</key>
			<string>A0E353EC1C6B5A8500E81503</string>
			<key>isa</key>
			<string>PBXBuildFile</string>
		</dict>
		<key>A0E353EE1C6B63DB00E81503</key>
		<dict>
			<key>fileEncoding</key>
			<string>4</string>
			<key>isa</key>
			<string>PBXFileReference</string>
			<key>lastKnownFileType</key>
			<string>sourcecode.c.h</string>
			<key>path</key>
			<string>MOVMovieCastCollectionViewCell.h</string>
			<key>sourceTree</key>
			<string>&lt;group&gt;</string>
		</dict>
		<key>A0E353EF1C6B63DB00E81503</key>
		<dict>
			<key>fileEncoding</key>
			<string>4</string>
			<key>isa</key>
			<string>PBXFileReference</string>
			<key>lastKnownFileType</key>
			<string>sourcecode.c.objc</string>
			<key>path</key>
			<string>MOVMovieCastCollectionViewCell.m</string>
			<key>sourceTree</key>
			<string>&lt;group&gt;</string>
		</dict>
		<key>A0E353F01C6B63DB00E81503</key>
		<dict>
			<key>fileRef</key>
			<string>A0E353EF1C6B63DB00E81503</string>
			<key>isa</key>
			<string>PBXBuildFile</string>
		</dict>
		<key>A0E353FF1C72225000E81503</key>
		<dict>
			<key>isa</key>
			<string>PBXFileReference</string>
			<key>lastKnownFileType</key>
			<string>image.png</string>
			<key>path</key>
			<string>favorites.png</string>
			<key>sourceTree</key>
			<string>&lt;group&gt;</string>
		</dict>
		<key>A0E354001C72225000E81503</key>
		<dict>
			<key>fileRef</key>
			<string>A0E353FF1C72225000E81503</string>
			<key>isa</key>
			<string>PBXBuildFile</string>
		</dict>
		<key>A0E354011C72225700E81503</key>
		<dict>
			<key>isa</key>
			<string>PBXFileReference</string>
			<key>lastKnownFileType</key>
			<string>image.png</string>
			<key>path</key>
			<string>movies.png</string>
			<key>sourceTree</key>
			<string>&lt;group&gt;</string>
		</dict>
		<key>A0E354021C72225700E81503</key>
		<dict>
			<key>fileRef</key>
			<string>A0E354011C72225700E81503</string>
			<key>isa</key>
			<string>PBXBuildFile</string>
		</dict>
		<key>A0E354051C72239C00E81503</key>
		<dict>
			<key>isa</key>
			<string>PBXFileReference</string>
			<key>lastKnownFileType</key>
			<string>image.png</string>
			<key>path</key>
			<string>account2.png</string>
			<key>sourceTree</key>
			<string>&lt;group&gt;</string>
		</dict>
		<key>A0E354061C72239C00E81503</key>
		<dict>
			<key>fileRef</key>
			<string>A0E354051C72239C00E81503</string>
			<key>isa</key>
			<string>PBXBuildFile</string>
		</dict>
		<key>A0E354071C722FE600E81503</key>
		<dict>
			<key>fileEncoding</key>
			<string>4</string>
			<key>isa</key>
			<string>PBXFileReference</string>
			<key>lastKnownFileType</key>
			<string>sourcecode.c.h</string>
			<key>path</key>
			<string>MOVUpperImageCell.h</string>
			<key>sourceTree</key>
			<string>&lt;group&gt;</string>
		</dict>
		<key>A0E354081C722FE600E81503</key>
		<dict>
			<key>fileEncoding</key>
			<string>4</string>
			<key>isa</key>
			<string>PBXFileReference</string>
			<key>lastKnownFileType</key>
			<string>sourcecode.c.objc</string>
			<key>path</key>
			<string>MOVUpperImageCell.m</string>
			<key>sourceTree</key>
			<string>&lt;group&gt;</string>
		</dict>
		<key>A0E354091C722FE600E81503</key>
		<dict>
			<key>fileRef</key>
			<string>A0E354081C722FE600E81503</string>
			<key>isa</key>
			<string>PBXBuildFile</string>
		</dict>
		<key>A0E3540A1C72319900E81503</key>
		<dict>
			<key>fileEncoding</key>
			<string>4</string>
			<key>isa</key>
			<string>PBXFileReference</string>
			<key>lastKnownFileType</key>
			<string>sourcecode.c.h</string>
			<key>path</key>
			<string>MOVDescriptionTableViewCell.h</string>
			<key>sourceTree</key>
			<string>&lt;group&gt;</string>
		</dict>
		<key>A0E3540B1C72319900E81503</key>
		<dict>
			<key>fileEncoding</key>
			<string>4</string>
			<key>isa</key>
			<string>PBXFileReference</string>
			<key>lastKnownFileType</key>
			<string>sourcecode.c.objc</string>
			<key>path</key>
			<string>MOVDescriptionTableViewCell.m</string>
			<key>sourceTree</key>
			<string>&lt;group&gt;</string>
		</dict>
		<key>A0E3540C1C72319900E81503</key>
		<dict>
			<key>fileRef</key>
			<string>A0E3540B1C72319900E81503</string>
			<key>isa</key>
			<string>PBXBuildFile</string>
		</dict>
		<key>A0E3540D1C72332D00E81503</key>
		<dict>
			<key>fileEncoding</key>
			<string>4</string>
			<key>isa</key>
			<string>PBXFileReference</string>
			<key>lastKnownFileType</key>
			<string>sourcecode.c.h</string>
			<key>path</key>
			<string>MOVRatingTableViewCell.h</string>
			<key>sourceTree</key>
			<string>&lt;group&gt;</string>
		</dict>
		<key>A0E3540E1C72332D00E81503</key>
		<dict>
			<key>fileEncoding</key>
			<string>4</string>
			<key>isa</key>
			<string>PBXFileReference</string>
			<key>lastKnownFileType</key>
			<string>sourcecode.c.objc</string>
			<key>path</key>
			<string>MOVRatingTableViewCell.m</string>
			<key>sourceTree</key>
			<string>&lt;group&gt;</string>
		</dict>
		<key>A0E3540F1C72332D00E81503</key>
		<dict>
			<key>fileRef</key>
			<string>A0E3540E1C72332D00E81503</string>
			<key>isa</key>
			<string>PBXBuildFile</string>
		</dict>
		<key>A0E354101C72353700E81503</key>
		<dict>
			<key>fileEncoding</key>
			<string>4</string>
			<key>isa</key>
			<string>PBXFileReference</string>
			<key>lastKnownFileType</key>
			<string>sourcecode.c.h</string>
			<key>path</key>
			<string>MOVMovieCastTableViewCell.h</string>
			<key>sourceTree</key>
			<string>&lt;group&gt;</string>
		</dict>
		<key>A0E354111C72353700E81503</key>
		<dict>
			<key>fileEncoding</key>
			<string>4</string>
			<key>isa</key>
			<string>PBXFileReference</string>
			<key>lastKnownFileType</key>
			<string>sourcecode.c.objc</string>
			<key>path</key>
			<string>MOVMovieCastTableViewCell.m</string>
			<key>sourceTree</key>
			<string>&lt;group&gt;</string>
		</dict>
		<key>A0E354121C72353700E81503</key>
		<dict>
			<key>fileRef</key>
			<string>A0E354111C72353700E81503</string>
			<key>isa</key>
			<string>PBXBuildFile</string>
		</dict>
		<key>A0E354131C723A2100E81503</key>
		<dict>
			<key>fileEncoding</key>
			<string>4</string>
			<key>isa</key>
			<string>PBXFileReference</string>
			<key>lastKnownFileType</key>
			<string>sourcecode.c.h</string>
			<key>path</key>
			<string>MOVDetailController.h</string>
			<key>sourceTree</key>
			<string>&lt;group&gt;</string>
		</dict>
		<key>A0E354141C723A2100E81503</key>
		<dict>
			<key>fileEncoding</key>
			<string>4</string>
			<key>isa</key>
			<string>PBXFileReference</string>
			<key>lastKnownFileType</key>
			<string>sourcecode.c.objc</string>
			<key>path</key>
			<string>MOVDetailController.m</string>
			<key>sourceTree</key>
			<string>&lt;group&gt;</string>
		</dict>
		<key>A0E354151C723A2100E81503</key>
		<dict>
			<key>fileRef</key>
			<string>A0E354141C723A2100E81503</string>
			<key>isa</key>
			<string>PBXBuildFile</string>
		</dict>
		<key>A0E354161C72421B00E81503</key>
		<dict>
			<key>children</key>
			<array>
				<string>A0E354171C72421B00E81503</string>
			</array>
			<key>isa</key>
			<string>PBXVariantGroup</string>
			<key>name</key>
			<string>Main.storyboard</string>
			<key>sourceTree</key>
			<string>&lt;group&gt;</string>
		</dict>
		<key>A0E354171C72421B00E81503</key>
		<dict>
			<key>isa</key>
			<string>PBXFileReference</string>
			<key>lastKnownFileType</key>
			<string>file.storyboard</string>
			<key>name</key>
			<string>Base</string>
			<key>path</key>
			<string>Base.lproj/Main.storyboard</string>
			<key>sourceTree</key>
			<string>&lt;group&gt;</string>
		</dict>
		<key>A0E354181C72421B00E81503</key>
		<dict>
			<key>fileRef</key>
			<string>A0E354161C72421B00E81503</string>
			<key>isa</key>
			<string>PBXBuildFile</string>
		</dict>
		<key>A0E3541A1C736DB100E81503</key>
		<dict>
			<key>children</key>
			<array>
				<string>A0E354101C72353700E81503</string>
				<string>A0E354111C72353700E81503</string>
				<string>A0E353EE1C6B63DB00E81503</string>
				<string>A0E353EF1C6B63DB00E81503</string>
				<string>A0E354071C722FE600E81503</string>
				<string>A0E354081C722FE600E81503</string>
				<string>A0E3540A1C72319900E81503</string>
				<string>A0E3540B1C72319900E81503</string>
				<string>A0E3540D1C72332D00E81503</string>
				<string>A0E3540E1C72332D00E81503</string>
			</array>
			<key>isa</key>
			<string>PBXGroup</string>
			<key>name</key>
			<string>Detail Cells</string>
			<key>sourceTree</key>
			<string>&lt;group&gt;</string>
		</dict>
		<key>A0E3541B1C736E1700E81503</key>
		<dict>
			<key>children</key>
			<array>
				<string>A0E354221C7370FD00E81503</string>
				<string>A0E354231C7370FD00E81503</string>
				<string>A0E354251C73711800E81503</string>
				<string>A0E354261C73711800E81503</string>
				<string>A0E354281C737E8500E81503</string>
				<string>A0E354291C737E8500E81503</string>
				<string>A0E3542B1C737F8C00E81503</string>
				<string>A0E3542C1C737F8C00E81503</string>
			</array>
			<key>isa</key>
			<string>PBXGroup</string>
			<key>name</key>
			<string>Cast View Cells</string>
			<key>sourceTree</key>
			<string>&lt;group&gt;</string>
		</dict>
		<key>A0E3541C1C736E4700E81503</key>
		<dict>
			<key>fileEncoding</key>
			<string>4</string>
			<key>isa</key>
			<string>PBXFileReference</string>
			<key>lastKnownFileType</key>
			<string>sourcecode.c.h</string>
			<key>path</key>
			<string>MOVCastController.h</string>
			<key>sourceTree</key>
			<string>&lt;group&gt;</string>
		</dict>
		<key>A0E3541D1C736E4700E81503</key>
		<dict>
			<key>fileEncoding</key>
			<string>4</string>
			<key>isa</key>
			<string>PBXFileReference</string>
			<key>lastKnownFileType</key>
			<string>sourcecode.c.objc</string>
			<key>path</key>
			<string>MOVCastController.m</string>
			<key>sourceTree</key>
			<string>&lt;group&gt;</string>
		</dict>
		<key>A0E3541E1C736E4700E81503</key>
		<dict>
			<key>fileRef</key>
			<string>A0E3541D1C736E4700E81503</string>
			<key>isa</key>
			<string>PBXBuildFile</string>
		</dict>
		<key>A0E354221C7370FD00E81503</key>
		<dict>
			<key>fileEncoding</key>
			<string>4</string>
			<key>isa</key>
			<string>PBXFileReference</string>
			<key>lastKnownFileType</key>
			<string>sourcecode.c.h</string>
			<key>path</key>
			<string>MOVCastUpperImageCell.h</string>
			<key>sourceTree</key>
			<string>&lt;group&gt;</string>
		</dict>
		<key>A0E354231C7370FD00E81503</key>
		<dict>
			<key>fileEncoding</key>
			<string>4</string>
			<key>isa</key>
			<string>PBXFileReference</string>
			<key>lastKnownFileType</key>
			<string>sourcecode.c.objc</string>
			<key>path</key>
			<string>MOVCastUpperImageCell.m</string>
			<key>sourceTree</key>
			<string>&lt;group&gt;</string>
		</dict>
		<key>A0E354241C7370FD00E81503</key>
		<dict>
			<key>fileRef</key>
			<string>A0E354231C7370FD00E81503</string>
			<key>isa</key>
			<string>PBXBuildFile</string>
		</dict>
		<key>A0E354251C73711800E81503</key>
		<dict>
			<key>fileEncoding</key>
			<string>4</string>
			<key>isa</key>
			<string>PBXFileReference</string>
			<key>lastKnownFileType</key>
			<string>sourcecode.c.h</string>
			<key>path</key>
			<string>MOVCastBiographyCell.h</string>
			<key>sourceTree</key>
			<string>&lt;group&gt;</string>
		</dict>
		<key>A0E354261C73711800E81503</key>
		<dict>
			<key>fileEncoding</key>
			<string>4</string>
			<key>isa</key>
			<string>PBXFileReference</string>
			<key>lastKnownFileType</key>
			<string>sourcecode.c.objc</string>
			<key>path</key>
			<string>MOVCastBiographyCell.m</string>
			<key>sourceTree</key>
			<string>&lt;group&gt;</string>
		</dict>
		<key>A0E354271C73711800E81503</key>
		<dict>
			<key>fileRef</key>
			<string>A0E354261C73711800E81503</string>
			<key>isa</key>
			<string>PBXBuildFile</string>
		</dict>
		<key>A0E354281C737E8500E81503</key>
		<dict>
			<key>fileEncoding</key>
			<string>4</string>
			<key>isa</key>
			<string>PBXFileReference</string>
			<key>lastKnownFileType</key>
			<string>sourcecode.c.h</string>
			<key>path</key>
			<string>MOVCastMovieTableViewCell.h</string>
			<key>sourceTree</key>
			<string>&lt;group&gt;</string>
		</dict>
		<key>A0E354291C737E8500E81503</key>
		<dict>
			<key>fileEncoding</key>
			<string>4</string>
			<key>isa</key>
			<string>PBXFileReference</string>
			<key>lastKnownFileType</key>
			<string>sourcecode.c.objc</string>
			<key>path</key>
			<string>MOVCastMovieTableViewCell.m</string>
			<key>sourceTree</key>
			<string>&lt;group&gt;</string>
		</dict>
		<key>A0E3542A1C737E8500E81503</key>
		<dict>
			<key>fileRef</key>
			<string>A0E354291C737E8500E81503</string>
			<key>isa</key>
			<string>PBXBuildFile</string>
		</dict>
		<key>A0E3542B1C737F8C00E81503</key>
		<dict>
			<key>fileEncoding</key>
			<string>4</string>
			<key>isa</key>
			<string>PBXFileReference</string>
			<key>lastKnownFileType</key>
			<string>sourcecode.c.h</string>
			<key>path</key>
			<string>MOVCastMovieCollectionViewCell.h</string>
			<key>sourceTree</key>
			<string>&lt;group&gt;</string>
		</dict>
		<key>A0E3542C1C737F8C00E81503</key>
		<dict>
			<key>fileEncoding</key>
			<string>4</string>
			<key>isa</key>
			<string>PBXFileReference</string>
			<key>lastKnownFileType</key>
			<string>sourcecode.c.objc</string>
			<key>path</key>
			<string>MOVCastMovieCollectionViewCell.m</string>
			<key>sourceTree</key>
			<string>&lt;group&gt;</string>
		</dict>
		<key>A0E3542D1C737F8C00E81503</key>
		<dict>
			<key>fileRef</key>
			<string>A0E3542C1C737F8C00E81503</string>
			<key>isa</key>
			<string>PBXBuildFile</string>
		</dict>
		<key>A3F45D917B677418DE3994AE</key>
		<dict>
			<key>includeInIndex</key>
			<string>1</string>
			<key>isa</key>
			<string>PBXFileReference</string>
			<key>lastKnownFileType</key>
			<string>text.xcconfig</string>
			<key>name</key>
			<string>Pods-movieApp.debug.xcconfig</string>
			<key>path</key>
			<string>Pods/Target Support Files/Pods-movieApp/Pods-movieApp.debug.xcconfig</string>
			<key>sourceTree</key>
			<string>&lt;group&gt;</string>
		</dict>
		<key>A8C2605DA2C5D941A97F5526</key>
		<dict>
			<key>explicitFileType</key>
			<string>wrapper.framework</string>
			<key>includeInIndex</key>
			<string>0</string>
			<key>isa</key>
			<string>PBXFileReference</string>
			<key>path</key>
			<string>Pods_movieApp.framework</string>
			<key>sourceTree</key>
			<string>BUILT_PRODUCTS_DIR</string>
		</dict>
		<key>BE31C9C8EE8F0F7ED4F5DE42</key>
		<dict>
			<key>includeInIndex</key>
			<string>1</string>
			<key>isa</key>
			<string>PBXFileReference</string>
			<key>lastKnownFileType</key>
			<string>text.xcconfig</string>
			<key>name</key>
			<string>Pods-movieApp.release.xcconfig</string>
			<key>path</key>
			<string>Pods/Target Support Files/Pods-movieApp/Pods-movieApp.release.xcconfig</string>
			<key>sourceTree</key>
			<string>&lt;group&gt;</string>
		</dict>
		<key>E8C5C0D528B59906A4F0992F</key>
		<dict>
			<key>fileRef</key>
			<string>33E20C0D08E2D56B1BE39798</string>
			<key>isa</key>
			<string>PBXBuildFile</string>
		</dict>
		<key>F56DFE1D7BBDBDF2F9D3637C</key>
		<dict>
			<key>fileRef</key>
			<string>A8C2605DA2C5D941A97F5526</string>
			<key>isa</key>
			<string>PBXBuildFile</string>
		</dict>
		<key>F8ABC589A075389147F3BB51</key>
		<dict>
			<key>children</key>
			<array>
				<string>A8C2605DA2C5D941A97F5526</string>
				<string>33E20C0D08E2D56B1BE39798</string>
			</array>
			<key>isa</key>
			<string>PBXGroup</string>
			<key>name</key>
			<string>Frameworks</string>
			<key>sourceTree</key>
			<string>&lt;group&gt;</string>
		</dict>
		<key>FA370ACA89CBA9073FEFE495</key>
		<dict>
			<key>buildActionMask</key>
			<string>2147483647</string>
			<key>files</key>
			<array/>
			<key>inputPaths</key>
			<array/>
			<key>isa</key>
			<string>PBXShellScriptBuildPhase</string>
			<key>name</key>
			<string>Check Pods Manifest.lock</string>
			<key>outputPaths</key>
			<array/>
			<key>runOnlyForDeploymentPostprocessing</key>
			<string>0</string>
			<key>shellPath</key>
			<string>/bin/sh</string>
			<key>shellScript</key>
			<string>diff "${PODS_ROOT}/../Podfile.lock" "${PODS_ROOT}/Manifest.lock" &gt; /dev/null
if [[ $? != 0 ]] ; then
    cat &lt;&lt; EOM
error: The sandbox is not in sync with the Podfile.lock. Run 'pod install' or update your CocoaPods installation.
EOM
    exit 1
fi
</string>
			<key>showEnvVarsInLog</key>
			<string>0</string>
		</dict>
	</dict>
	<key>rootObject</key>
	<string>A09F01FE1C60B48E002E128D</string>
</dict>
</plist>
